PODS:
  - Bolts (1.1.3)
  - Facebook-iOS-SDK (3.20.0):
    - Bolts (~> 1.0)
  - KIF (3.0.8):
    - KIF/XCTest
  - KIF/XCTest (3.0.8)
  - OCMock (3.1.1)
  - Parse (1.5.0):
    - Bolts (~> 1.1.3)
  - ParseFacebookUtils (1.5.0.1):
    - Facebook-iOS-SDK (~> 3.20)
    - Parse (~> 1.5.0)
  - ParseUI (1.0.0):
    - Parse (~> 1.5.0)
    - ParseFacebookUtils (~> 1.5.0)
  - ReactiveCocoa (2.3.1):
    - ReactiveCocoa/UI
  - ReactiveCocoa/Core (2.3.1):
    - ReactiveCocoa/no-arc
  - ReactiveCocoa/no-arc (2.3.1)
  - ReactiveCocoa/UI (2.3.1):
    - ReactiveCocoa/Core
  - TTTAttributedLabel (1.10.1)

DEPENDENCIES:
  - Facebook-iOS-SDK
  - KIF (~> 3.0)
  - OCMock
  - ParseUI
  - ReactiveCocoa
  - TTTAttributedLabel

SPEC CHECKSUMS:
  Bolts: 3db0a875235e0c9042b013af13af0f00f79b102c
  Facebook-iOS-SDK: 5854404b4b651f612a8ef79ca06d766858f4cb8e
  KIF: 2db5e8cf59136dd1267d49cca0d55883389b09d3
  OCMock: f6cb8c162ab9d5620dddf411282c7b2c0ee78854
  Parse: 7de25b6f70f0b233e5d25835f62eabfa91e4f9d7
  ParseFacebookUtils: df2c8634a66883326629099af3690f1862fe126d
  ParseUI: ed19127cc9d49e47f48dd779cd72ef7dfec59939
  ReactiveCocoa: dca75777b9d18990c8714a3a6f2149f29b4d1462
  TTTAttributedLabel: 94bb04f1e005616002dd2cee0262a0082e533627

COCOAPODS: 0.34.4
