PODS:
  - Facebook-iOS-SDK (3.10.0)
  - hpple (0.2.0)
  - OCMock (2.2.2)
  - Parse-iOS-SDK (1.2.17):
    - Facebook-iOS-SDK (~> 3.7)
  - ReactiveCocoa (2.1.8):
    - ReactiveCocoa/Core
    - ReactiveCocoa/no-arc
  - ReactiveCocoa/Core (2.1.8):
    - ReactiveCocoa/no-arc
  - ReactiveCocoa/no-arc (2.1.8)
  - TestFlightSDK (2.2.0-noadid-beta)

DEPENDENCIES:
  - Facebook-iOS-SDK
  - hpple
  - OCMock
  - Parse-iOS-SDK
  - ReactiveCocoa
  - TestFlightSDK

SPEC CHECKSUMS:
  Facebook-iOS-SDK: ef402579aeb30cf0c4a6370fb0a927e3dc3059e5
  hpple: dde62f905f482bbec50186280d1a1be2c881241b
  OCMock: ffba68873fd32cfd35d885bddad23bfa816da4a3
  Parse-iOS-SDK: f57fc3a7b80c7135d5acdc55a0fbc3ab2d1d5027
  ReactiveCocoa: 0db710a0afa1c627a64470e5c912a3870d4854ae
  TestFlightSDK: 64f333f91ab9d11985e6c4c188a71b22cc528097

COCOAPODS: 0.28.0
