<?xml version="1.0" encoding="UTF-8"?>
<!DOCTYPE plist PUBLIC "-//Apple//DTD PLIST 1.0//EN" "http://www.apple.com/DTDs/PropertyList-1.0.dtd">
<plist version="1.0">
<dict>
	<key>archiveVersion</key>
	<string>1</string>
	<key>classes</key>
	<dict/>
	<key>objectVersion</key>
	<string>46</string>
	<key>objects</key>
	<dict>
		<key>092354B213A1D7EB00DA740F</key>
		<dict>
			<key>isa</key>
			<string>PBXFileReference</string>
			<key>lastKnownFileType</key>
			<string>wrapper.framework</string>
			<key>name</key>
			<string>CFNetwork.framework</string>
			<key>path</key>
			<string>System/Library/Frameworks/CFNetwork.framework</string>
			<key>sourceTree</key>
			<string>SDKROOT</string>
		</dict>
		<key>092354B313A1D7EB00DA740F</key>
		<dict>
			<key>fileRef</key>
			<string>092354B213A1D7EB00DA740F</string>
			<key>isa</key>
			<string>PBXBuildFile</string>
		</dict>
		<key>092354B413A1D7F000DA740F</key>
		<dict>
			<key>isa</key>
			<string>PBXFileReference</string>
			<key>lastKnownFileType</key>
			<string>wrapper.framework</string>
			<key>name</key>
			<string>SystemConfiguration.framework</string>
			<key>path</key>
			<string>System/Library/Frameworks/SystemConfiguration.framework</string>
			<key>sourceTree</key>
			<string>SDKROOT</string>
		</dict>
		<key>092354B513A1D7F000DA740F</key>
		<dict>
			<key>fileRef</key>
			<string>092354B413A1D7F000DA740F</string>
			<key>isa</key>
			<string>PBXBuildFile</string>
		</dict>
		<key>092354B613A1D83C00DA740F</key>
		<dict>
			<key>isa</key>
			<string>PBXFileReference</string>
			<key>lastKnownFileType</key>
			<string>wrapper.framework</string>
			<key>name</key>
			<string>MobileCoreServices.framework</string>
			<key>path</key>
			<string>System/Library/Frameworks/MobileCoreServices.framework</string>
			<key>sourceTree</key>
			<string>SDKROOT</string>
		</dict>
		<key>092354B713A1D83C00DA740F</key>
		<dict>
			<key>fileRef</key>
			<string>092354B613A1D83C00DA740F</string>
			<key>isa</key>
			<string>PBXBuildFile</string>
		</dict>
		<key>095ACE8513C68EA300566243</key>
		<dict>
			<key>isa</key>
			<string>PBXFileReference</string>
			<key>lastKnownFileType</key>
			<string>wrapper.framework</string>
			<key>name</key>
			<string>AudioToolbox.framework</string>
			<key>path</key>
			<string>System/Library/Frameworks/AudioToolbox.framework</string>
			<key>sourceTree</key>
			<string>SDKROOT</string>
		</dict>
		<key>095ACE8613C68EA300566243</key>
		<dict>
			<key>fileRef</key>
			<string>095ACE8513C68EA300566243</string>
			<key>isa</key>
			<string>PBXBuildFile</string>
		</dict>
		<key>099CCEAC13F9E3760039A464</key>
		<dict>
			<key>isa</key>
			<string>PBXFileReference</string>
			<key>lastKnownFileType</key>
			<string>compiled.mach-o.dylib</string>
			<key>name</key>
			<string>libz.1.1.3.dylib</string>
			<key>path</key>
			<string>usr/lib/libz.1.1.3.dylib</string>
			<key>sourceTree</key>
			<string>SDKROOT</string>
		</dict>
		<key>099CCEAD13F9E3760039A464</key>
		<dict>
			<key>fileRef</key>
			<string>099CCEAC13F9E3760039A464</string>
			<key>isa</key>
			<string>PBXBuildFile</string>
		</dict>
		<key>09ABC06213A1D52D009C3FCF</key>
		<dict>
			<key>children</key>
			<array>
				<string>4AEC503A1786DDE500EB1A05</string>
				<string>4A3B995B16A0781900241D4C</string>
				<string>4A15DA9616A0AE4200D8EB86</string>
				<string>4AC3F7FE16A0AFBB00452D33</string>
				<string>4ADC934816A00B4300DAA972</string>
				<string>4ADC933A16A0063700DAA972</string>
				<string>4ADC933916A0063000DAA972</string>
				<string>4ADC934B16A00B8700DAA972</string>
				<string>4ADC935616A00CBF00DAA972</string>
				<string>4ADC931916A0050600DAA972</string>
				<string>4ADC932116A0050600DAA972</string>
				<string>4A6A4F0418148CAD0080D686</string>
				<string>09ABC07013A1D52D009C3FCF</string>
				<string>09ABC06E13A1D52D009C3FCF</string>
				<string>B88B362035EF491582668975</string>
				<string>3AF11DABE7A34472AEBAC686</string>
			</array>
			<key>isa</key>
			<string>PBXGroup</string>
			<key>sourceTree</key>
			<string>&lt;group&gt;</string>
		</dict>
		<key>09ABC06413A1D52D009C3FCF</key>
		<dict>
			<key>attributes</key>
			<dict>
				<key>LastUpgradeCheck</key>
				<string>0500</string>
				<key>TargetAttributes</key>
				<dict>
					<key>09ABC06C13A1D52D009C3FCF</key>
					<dict>
						<key>DevelopmentTeam</key>
						<string>T4CMEHXPLL</string>
						<key>SystemCapabilities</key>
						<dict>
							<key>com.apple.InAppPurchase</key>
							<dict>
								<key>enabled</key>
								<string>0</string>
							</dict>
						</dict>
					</dict>
					<key>4A6A4EFE18148CAD0080D686</key>
					<dict>
						<key>TestTargetID</key>
						<string>09ABC06C13A1D52D009C3FCF</string>
					</dict>
				</dict>
			</dict>
			<key>buildConfigurationList</key>
			<string>09ABC06713A1D52D009C3FCF</string>
			<key>compatibilityVersion</key>
			<string>Xcode 3.2</string>
			<key>developmentRegion</key>
			<string>English</string>
			<key>hasScannedForEncodings</key>
			<string>0</string>
			<key>isa</key>
			<string>PBXProject</string>
			<key>knownRegions</key>
			<array>
				<string>en</string>
				<string>Base</string>
				<string>nl</string>
			</array>
			<key>mainGroup</key>
			<string>09ABC06213A1D52D009C3FCF</string>
			<key>productRefGroup</key>
			<string>09ABC06E13A1D52D009C3FCF</string>
			<key>projectDirPath</key>
			<string></string>
			<key>projectReferences</key>
			<array/>
			<key>projectRoot</key>
			<string></string>
			<key>targets</key>
			<array>
				<string>09ABC06C13A1D52D009C3FCF</string>
				<string>4A6A4EFE18148CAD0080D686</string>
			</array>
		</dict>
		<key>09ABC06713A1D52D009C3FCF</key>
		<dict>
			<key>buildConfigurations</key>
			<array>
				<string>09ABC08C13A1D52E009C3FCF</string>
				<string>09ABC08D13A1D52E009C3FCF</string>
			</array>
			<key>defaultConfigurationIsVisible</key>
			<string>0</string>
			<key>defaultConfigurationName</key>
			<string>Release</string>
			<key>isa</key>
			<string>XCConfigurationList</string>
		</dict>
		<key>09ABC06913A1D52D009C3FCF</key>
		<dict>
			<key>buildActionMask</key>
			<string>2147483647</string>
			<key>files</key>
			<array>
				<string>4ADC932E16A0050600DAA972</string>
				<string>4ADC932F16A0050600DAA972</string>
				<string>4ADC933B16A0063700DAA972</string>
				<string>4ADC935716A00CBF00DAA972</string>
				<string>4A9C9B6318082479006442E0</string>
				<string>4A1966A116A086910011EFBF</string>
				<string>4A1966A816A08DAE0011EFBF</string>
				<string>4ADFE4E816A0A36100EDAD2A</string>
				<string>4A7317DB17F889E30018BE7C</string>
				<string>4A71D3AD16A152A800A11C80</string>
				<string>4A8792BD1805FCB00095CE1F</string>
				<string>4A71D3B616A155D100A11C80</string>
				<string>4A4EA05916A35B1F00F12406</string>
				<string>4A69268D17C360E100C1C9A8</string>
				<string>4A3F5B5916A87BB9005F742E</string>
				<string>4A12099116A9D69000A7259B</string>
				<string>4AB3D52B16AC88A5008086B5</string>
				<string>4A4BF3B716C6BA4100497DC0</string>
				<string>4A0124AE16FC9F2500F744D6</string>
				<string>4A0124B116FCA71D00F744D6</string>
				<string>4A0124B916FCFDA700F744D6</string>
				<string>4A4997CF16FEF65400B8A729</string>
				<string>4A4997D216FEF68600B8A729</string>
				<string>4A31C73517E870FA005FB021</string>
				<string>4A4997D516FEF6AB00B8A729</string>
				<string>4A4997D816FEF6CF00B8A729</string>
				<string>4AD416391723DEB400DA4777</string>
				<string>4AD4163D1723E87800DA4777</string>
				<string>4AA0A97F1730E834005D9BD0</string>
			</array>
			<key>isa</key>
			<string>PBXSourcesBuildPhase</string>
			<key>runOnlyForDeploymentPostprocessing</key>
			<string>0</string>
		</dict>
		<key>09ABC06A13A1D52D009C3FCF</key>
		<dict>
			<key>buildActionMask</key>
			<string>2147483647</string>
			<key>files</key>
			<array>
				<string>4A2B5BD416C639F000A21460</string>
				<string>4A2B5BD516C639F000A21460</string>
				<string>4A71D3DA16A3123F00A11C80</string>
				<string>97E18B1F1624CB5700B17A67</string>
				<string>6372FF581613CC47002132AF</string>
				<string>6372FF561613CC42002132AF</string>
				<string>6372FF531613CC3C002132AF</string>
				<string>6332375415E438E900AE2736</string>
				<string>743D7B6D157DA60100084B67</string>
				<string>2FCDD6B014A573F500295AAC</string>
				<string>099CCEAD13F9E3760039A464</string>
				<string>09BEF34C13D51C3F001BBCDB</string>
				<string>095ACE8613C68EA300566243</string>
				<string>092354B713A1D83C00DA740F</string>
				<string>092354B513A1D7F000DA740F</string>
				<string>092354B313A1D7EB00DA740F</string>
				<string>09ABC07213A1D52D009C3FCF</string>
				<string>09ABC07413A1D52D009C3FCF</string>
				<string>4C51EF1CA27E4DCAB75F381F</string>
			</array>
			<key>isa</key>
			<string>PBXFrameworksBuildPhase</string>
			<key>runOnlyForDeploymentPostprocessing</key>
			<string>0</string>
		</dict>
		<key>09ABC06B13A1D52D009C3FCF</key>
		<dict>
			<key>buildActionMask</key>
			<string>2147483647</string>
			<key>files</key>
			<array>
				<string>4A3B996016A0830600241D4C</string>
				<string>4AC3F7F616A0AF2600452D33</string>
				<string>4AC3F7FC16A0AFBB00452D33</string>
				<string>4A4EA04B16A34CA400F12406</string>
				<string>4AD1809B16A57FBE00B97F61</string>
				<string>4AF4A0B316A86DA600493C20</string>
				<string>4A3F6A3616C58FB700FC066D</string>
				<string>4AEC503B1786DDE500EB1A05</string>
				<string>4A0124BC16FCFE0100F744D6</string>
				<string>4AA09BB4172304E6004630B4</string>
				<string>4AD416401723E8A600DA4777</string>
			</array>
			<key>isa</key>
			<string>PBXResourcesBuildPhase</string>
			<key>runOnlyForDeploymentPostprocessing</key>
			<string>0</string>
		</dict>
		<key>09ABC06C13A1D52D009C3FCF</key>
		<dict>
			<key>buildConfigurationList</key>
			<string>09ABC08E13A1D52E009C3FCF</string>
			<key>buildPhases</key>
			<array>
				<string>4A35F07F16AB525500D0E7B3</string>
				<string>4ADC934716A00A5300DAA972</string>
				<string>09ABC06913A1D52D009C3FCF</string>
				<string>09ABC06A13A1D52D009C3FCF</string>
				<string>09ABC06B13A1D52D009C3FCF</string>
				<string>5ABC975BEE204B45B88A5D02</string>
			</array>
			<key>buildRules</key>
			<array/>
			<key>dependencies</key>
			<array/>
			<key>isa</key>
			<string>PBXNativeTarget</string>
			<key>name</key>
			<string>SebastiaanSchool</string>
			<key>productName</key>
			<string>SebastiaanSchool</string>
			<key>productReference</key>
			<string>09ABC06D13A1D52D009C3FCF</string>
			<key>productType</key>
			<string>com.apple.product-type.application</string>
		</dict>
		<key>09ABC06D13A1D52D009C3FCF</key>
		<dict>
			<key>explicitFileType</key>
			<string>wrapper.application</string>
			<key>includeInIndex</key>
			<string>0</string>
			<key>isa</key>
			<string>PBXFileReference</string>
			<key>path</key>
			<string>SebastiaanSchool.app</string>
			<key>sourceTree</key>
			<string>BUILT_PRODUCTS_DIR</string>
		</dict>
		<key>09ABC06E13A1D52D009C3FCF</key>
		<dict>
			<key>children</key>
			<array>
				<string>09ABC06D13A1D52D009C3FCF</string>
				<string>4A6A4EFF18148CAD0080D686</string>
			</array>
			<key>isa</key>
			<string>PBXGroup</string>
			<key>name</key>
			<string>Products</string>
			<key>sourceTree</key>
			<string>&lt;group&gt;</string>
		</dict>
		<key>09ABC07013A1D52D009C3FCF</key>
		<dict>
			<key>children</key>
			<array>
				<string>4A2B5BD216C639F000A21460</string>
				<string>4A2B5BD316C639F000A21460</string>
				<string>4A71D3D916A3123F00A11C80</string>
				<string>6372FF571613CC47002132AF</string>
				<string>6372FF551613CC42002132AF</string>
				<string>6372FF521613CC3C002132AF</string>
				<string>095ACE8513C68EA300566243</string>
				<string>092354B213A1D7EB00DA740F</string>
				<string>743D7B6C157DA60100084B67</string>
				<string>97E18B1E1624CB5700B17A67</string>
				<string>09ABC07313A1D52D009C3FCF</string>
				<string>6332375315E438E900AE2736</string>
				<string>099CCEAC13F9E3760039A464</string>
				<string>092354B613A1D83C00DA740F</string>
				<string>2FCDD6AF14A573F500295AAC</string>
				<string>09BEF34B13D51C3F001BBCDB</string>
				<string>092354B413A1D7F000DA740F</string>
				<string>09ABC07113A1D52D009C3FCF</string>
				<string>3FEA4D0C50CC4385A21F5C1F</string>
				<string>4A6A4F0018148CAD0080D686</string>
				<string>84DDE31AFB4347F594B7F2CA</string>
			</array>
			<key>isa</key>
			<string>PBXGroup</string>
			<key>name</key>
			<string>Frameworks</string>
			<key>sourceTree</key>
			<string>&lt;group&gt;</string>
		</dict>
		<key>09ABC07113A1D52D009C3FCF</key>
		<dict>
			<key>isa</key>
			<string>PBXFileReference</string>
			<key>lastKnownFileType</key>
			<string>wrapper.framework</string>
			<key>name</key>
			<string>UIKit.framework</string>
			<key>path</key>
			<string>System/Library/Frameworks/UIKit.framework</string>
			<key>sourceTree</key>
			<string>SDKROOT</string>
		</dict>
		<key>09ABC07213A1D52D009C3FCF</key>
		<dict>
			<key>fileRef</key>
			<string>09ABC07113A1D52D009C3FCF</string>
			<key>isa</key>
			<string>PBXBuildFile</string>
		</dict>
		<key>09ABC07313A1D52D009C3FCF</key>
		<dict>
			<key>isa</key>
			<string>PBXFileReference</string>
			<key>lastKnownFileType</key>
			<string>wrapper.framework</string>
			<key>name</key>
			<string>Foundation.framework</string>
			<key>path</key>
			<string>System/Library/Frameworks/Foundation.framework</string>
			<key>sourceTree</key>
			<string>SDKROOT</string>
		</dict>
		<key>09ABC07413A1D52D009C3FCF</key>
		<dict>
			<key>fileRef</key>
			<string>09ABC07313A1D52D009C3FCF</string>
			<key>isa</key>
			<string>PBXBuildFile</string>
		</dict>
		<key>09ABC08C13A1D52E009C3FCF</key>
		<dict>
			<key>buildSettings</key>
			<dict>
				<key>CLANG_ANALYZER_SECURITY_FLOATLOOPCOUNTER</key>
				<string>YES</string>
				<key>CLANG_WARN_BOOL_CONVERSION</key>
				<string>YES</string>
				<key>CLANG_WARN_CONSTANT_CONVERSION</key>
				<string>YES</string>
				<key>CLANG_WARN_EMPTY_BODY</key>
				<string>YES</string>
				<key>CLANG_WARN_ENUM_CONVERSION</key>
				<string>YES</string>
				<key>CLANG_WARN_INT_CONVERSION</key>
				<string>YES</string>
				<key>CLANG_WARN__DUPLICATE_METHOD_MATCH</key>
				<string>YES</string>
				<key>CODE_SIGN_IDENTITY</key>
				<string>iPhone Developer: Jeroen Leenarts (6RTNT4ZKCC)</string>
				<key>COMPRESS_PNG_FILES</key>
				<string>NO</string>
				<key>GCC_C_LANGUAGE_STANDARD</key>
				<string>gnu99</string>
				<key>GCC_OPTIMIZATION_LEVEL</key>
				<string>0</string>
				<key>GCC_PREPROCESSOR_DEFINITIONS</key>
				<string>DEBUG</string>
				<key>GCC_SYMBOLS_PRIVATE_EXTERN</key>
				<string>NO</string>
				<key>GCC_VERSION</key>
				<string>com.apple.compilers.llvm.clang.1_0</string>
				<key>GCC_WARN_ABOUT_RETURN_TYPE</key>
				<string>YES</string>
				<key>GCC_WARN_UNDECLARED_SELECTOR</key>
				<string>YES</string>
				<key>GCC_WARN_UNINITIALIZED_AUTOS</key>
				<string>YES</string>
				<key>GCC_WARN_UNUSED_FUNCTION</key>
				<string>YES</string>
				<key>GCC_WARN_UNUSED_VARIABLE</key>
				<string>YES</string>
				<key>IPHONEOS_DEPLOYMENT_TARGET</key>
				<string>5.0</string>
				<key>ONLY_ACTIVE_ARCH</key>
				<string>YES</string>
				<key>PROVISIONING_PROFILE</key>
				<string>B8FB77BC-6A52-4931-9C62-AD313C99C2EA</string>
				<key>SDKROOT</key>
				<string>iphoneos</string>
				<key>VALID_ARCHS</key>
				<string>armv7 armv7s</string>
			</dict>
			<key>isa</key>
			<string>XCBuildConfiguration</string>
			<key>name</key>
			<string>Debug</string>
		</dict>
		<key>09ABC08D13A1D52E009C3FCF</key>
		<dict>
			<key>buildSettings</key>
			<dict>
				<key>CLANG_ANALYZER_SECURITY_FLOATLOOPCOUNTER</key>
				<string>YES</string>
				<key>CLANG_WARN_BOOL_CONVERSION</key>
				<string>YES</string>
				<key>CLANG_WARN_CONSTANT_CONVERSION</key>
				<string>YES</string>
				<key>CLANG_WARN_EMPTY_BODY</key>
				<string>YES</string>
				<key>CLANG_WARN_ENUM_CONVERSION</key>
				<string>YES</string>
				<key>CLANG_WARN_INT_CONVERSION</key>
				<string>YES</string>
				<key>CLANG_WARN__DUPLICATE_METHOD_MATCH</key>
				<string>YES</string>
				<key>CODE_SIGN_IDENTITY</key>
				<string>iPhone Distribution: Jeroen Leenarts</string>
				<key>COMPRESS_PNG_FILES</key>
				<string>NO</string>
				<key>GCC_C_LANGUAGE_STANDARD</key>
				<string>gnu99</string>
				<key>GCC_VERSION</key>
				<string>com.apple.compilers.llvm.clang.1_0</string>
				<key>GCC_WARN_ABOUT_RETURN_TYPE</key>
				<string>YES</string>
				<key>GCC_WARN_UNDECLARED_SELECTOR</key>
				<string>YES</string>
				<key>GCC_WARN_UNINITIALIZED_AUTOS</key>
				<string>YES</string>
				<key>GCC_WARN_UNUSED_FUNCTION</key>
				<string>YES</string>
				<key>GCC_WARN_UNUSED_VARIABLE</key>
				<string>YES</string>
				<key>IPHONEOS_DEPLOYMENT_TARGET</key>
				<string>5.0</string>
				<key>OTHER_CFLAGS</key>
				<string>-DNS_BLOCK_ASSERTIONS=1</string>
				<key>PROVISIONING_PROFILE</key>
				<string>7094C8AB-76E7-4736-8C67-BF351C234A75</string>
				<key>SDKROOT</key>
				<string>iphoneos</string>
				<key>VALID_ARCHS</key>
				<string>armv7 armv7s</string>
			</dict>
			<key>isa</key>
			<string>XCBuildConfiguration</string>
			<key>name</key>
			<string>Release</string>
		</dict>
		<key>09ABC08E13A1D52E009C3FCF</key>
		<dict>
			<key>buildConfigurations</key>
			<array>
				<string>09ABC08F13A1D52E009C3FCF</string>
				<string>09ABC09013A1D52E009C3FCF</string>
			</array>
			<key>defaultConfigurationIsVisible</key>
			<string>0</string>
			<key>defaultConfigurationName</key>
			<string>Release</string>
			<key>isa</key>
			<string>XCConfigurationList</string>
		</dict>
		<key>09ABC08F13A1D52E009C3FCF</key>
		<dict>
			<key>baseConfigurationReference</key>
			<string>B88B362035EF491582668975</string>
			<key>buildSettings</key>
			<dict>
				<key>ASSETCATALOG_COMPILER_APPICON_NAME</key>
				<string>AppIcon</string>
				<key>ASSETCATALOG_COMPILER_LAUNCHIMAGE_NAME</key>
				<string>LaunchImage</string>
				<key>CLANG_ENABLE_OBJC_ARC</key>
				<string>YES</string>
				<key>COPY_PHASE_STRIP</key>
				<string>NO</string>
				<key>GCC_DYNAMIC_NO_PIC</key>
				<string>NO</string>
				<key>GCC_PRECOMPILE_PREFIX_HEADER</key>
				<string>YES</string>
				<key>GCC_PREFIX_HEADER</key>
				<string>SBSSebastiaanSchool-Prefix.pch</string>
				<key>GCC_VERSION</key>
				<string>com.apple.compilers.llvm.clang.1_0</string>
				<key>INFOPLIST_FILE</key>
				<string>SebastiaanSchool-Info.plist</string>
				<key>IPHONEOS_DEPLOYMENT_TARGET</key>
				<string>5.0</string>
				<key>PRODUCT_NAME</key>
				<string>$(TARGET_NAME)</string>
				<key>TARGETED_DEVICE_FAMILY</key>
				<string>1,2</string>
				<key>WRAPPER_EXTENSION</key>
				<string>app</string>
			</dict>
			<key>isa</key>
			<string>XCBuildConfiguration</string>
			<key>name</key>
			<string>Debug</string>
		</dict>
		<key>09ABC09013A1D52E009C3FCF</key>
		<dict>
			<key>baseConfigurationReference</key>
			<string>B88B362035EF491582668975</string>
			<key>buildSettings</key>
			<dict>
				<key>ASSETCATALOG_COMPILER_APPICON_NAME</key>
				<string>AppIcon</string>
				<key>ASSETCATALOG_COMPILER_LAUNCHIMAGE_NAME</key>
				<string>LaunchImage</string>
				<key>CLANG_ENABLE_OBJC_ARC</key>
				<string>YES</string>
				<key>COPY_PHASE_STRIP</key>
				<string>YES</string>
				<key>GCC_PRECOMPILE_PREFIX_HEADER</key>
				<string>YES</string>
				<key>GCC_PREFIX_HEADER</key>
				<string>SBSSebastiaanSchool-Prefix.pch</string>
				<key>GCC_VERSION</key>
				<string>com.apple.compilers.llvm.clang.1_0</string>
				<key>INFOPLIST_FILE</key>
				<string>SebastiaanSchool-Info.plist</string>
				<key>IPHONEOS_DEPLOYMENT_TARGET</key>
				<string>5.0</string>
				<key>PRODUCT_NAME</key>
				<string>$(TARGET_NAME)</string>
				<key>TARGETED_DEVICE_FAMILY</key>
				<string>1,2</string>
				<key>VALIDATE_PRODUCT</key>
				<string>YES</string>
				<key>WRAPPER_EXTENSION</key>
				<string>app</string>
			</dict>
			<key>isa</key>
			<string>XCBuildConfiguration</string>
			<key>name</key>
			<string>Release</string>
		</dict>
		<key>09BEF34B13D51C3F001BBCDB</key>
		<dict>
			<key>isa</key>
			<string>PBXFileReference</string>
			<key>lastKnownFileType</key>
			<string>wrapper.framework</string>
			<key>name</key>
			<string>Security.framework</string>
			<key>path</key>
			<string>System/Library/Frameworks/Security.framework</string>
			<key>sourceTree</key>
			<string>SDKROOT</string>
		</dict>
		<key>09BEF34C13D51C3F001BBCDB</key>
		<dict>
			<key>fileRef</key>
			<string>09BEF34B13D51C3F001BBCDB</string>
			<key>isa</key>
			<string>PBXBuildFile</string>
		</dict>
		<key>2075C02EC21543699A3107CA</key>
		<dict>
			<key>fileRef</key>
			<string>84DDE31AFB4347F594B7F2CA</string>
			<key>isa</key>
			<string>PBXBuildFile</string>
		</dict>
		<key>2FCDD6AF14A573F500295AAC</key>
		<dict>
			<key>isa</key>
			<string>PBXFileReference</string>
			<key>lastKnownFileType</key>
			<string>wrapper.framework</string>
			<key>name</key>
			<string>QuartzCore.framework</string>
			<key>path</key>
			<string>System/Library/Frameworks/QuartzCore.framework</string>
			<key>sourceTree</key>
			<string>SDKROOT</string>
		</dict>
		<key>2FCDD6B014A573F500295AAC</key>
		<dict>
			<key>fileRef</key>
			<string>2FCDD6AF14A573F500295AAC</string>
			<key>isa</key>
			<string>PBXBuildFile</string>
		</dict>
		<key>3AF11DABE7A34472AEBAC686</key>
		<dict>
			<key>includeInIndex</key>
			<string>1</string>
			<key>isa</key>
			<string>PBXFileReference</string>
			<key>lastKnownFileType</key>
			<string>text.xcconfig</string>
			<key>name</key>
			<string>Pods-test.xcconfig</string>
			<key>path</key>
			<string>Pods/Pods-test.xcconfig</string>
			<key>sourceTree</key>
			<string>&lt;group&gt;</string>
		</dict>
		<key>3FEA4D0C50CC4385A21F5C1F</key>
		<dict>
			<key>explicitFileType</key>
			<string>archive.ar</string>
			<key>includeInIndex</key>
			<string>0</string>
			<key>isa</key>
			<string>PBXFileReference</string>
			<key>path</key>
			<string>libPods.a</string>
			<key>sourceTree</key>
			<string>BUILT_PRODUCTS_DIR</string>
		</dict>
		<key>488EFC67C80B46AC995909BA</key>
		<dict>
			<key>buildActionMask</key>
			<string>2147483647</string>
			<key>files</key>
			<array/>
			<key>inputPaths</key>
			<array/>
			<key>isa</key>
			<string>PBXShellScriptBuildPhase</string>
			<key>name</key>
			<string>Copy Pods Resources</string>
			<key>outputPaths</key>
			<array/>
			<key>runOnlyForDeploymentPostprocessing</key>
			<string>0</string>
			<key>shellPath</key>
			<string>/bin/sh</string>
			<key>shellScript</key>
			<string>"${SRCROOT}/Pods/Pods-test-resources.sh"
</string>
			<key>showEnvVarsInLog</key>
			<string>0</string>
		</dict>
		<key>4A0124AC16FC9F2500F744D6</key>
		<dict>
			<key>fileEncoding</key>
			<string>4</string>
			<key>isa</key>
			<string>PBXFileReference</string>
			<key>lastKnownFileType</key>
			<string>sourcecode.c.h</string>
			<key>path</key>
			<string>SBSBulletinCell.h</string>
			<key>sourceTree</key>
			<string>&lt;group&gt;</string>
		</dict>
		<key>4A0124AD16FC9F2500F744D6</key>
		<dict>
			<key>fileEncoding</key>
			<string>4</string>
			<key>isa</key>
			<string>PBXFileReference</string>
			<key>lastKnownFileType</key>
			<string>sourcecode.c.objc</string>
			<key>path</key>
			<string>SBSBulletinCell.m</string>
			<key>sourceTree</key>
			<string>&lt;group&gt;</string>
		</dict>
		<key>4A0124AE16FC9F2500F744D6</key>
		<dict>
			<key>fileRef</key>
			<string>4A0124AD16FC9F2500F744D6</string>
			<key>isa</key>
			<string>PBXBuildFile</string>
		</dict>
		<key>4A0124AF16FCA71D00F744D6</key>
		<dict>
			<key>fileEncoding</key>
			<string>4</string>
			<key>isa</key>
			<string>PBXFileReference</string>
			<key>lastKnownFileType</key>
			<string>sourcecode.c.h</string>
			<key>path</key>
			<string>UIView+JLFrameAdditions.h</string>
			<key>sourceTree</key>
			<string>&lt;group&gt;</string>
		</dict>
		<key>4A0124B016FCA71D00F744D6</key>
		<dict>
			<key>fileEncoding</key>
			<string>4</string>
			<key>isa</key>
			<string>PBXFileReference</string>
			<key>lastKnownFileType</key>
			<string>sourcecode.c.objc</string>
			<key>path</key>
			<string>UIView+JLFrameAdditions.m</string>
			<key>sourceTree</key>
			<string>&lt;group&gt;</string>
		</dict>
		<key>4A0124B116FCA71D00F744D6</key>
		<dict>
			<key>fileRef</key>
			<string>4A0124B016FCA71D00F744D6</string>
			<key>isa</key>
			<string>PBXBuildFile</string>
		</dict>
		<key>4A0124B616FCFDA600F744D6</key>
		<dict>
			<key>fileEncoding</key>
			<string>4</string>
			<key>isa</key>
			<string>PBXFileReference</string>
			<key>lastKnownFileType</key>
			<string>sourcecode.c.h</string>
			<key>path</key>
			<string>SBSEditBulletinViewController.h</string>
			<key>sourceTree</key>
			<string>&lt;group&gt;</string>
		</dict>
		<key>4A0124B716FCFDA600F744D6</key>
		<dict>
			<key>fileEncoding</key>
			<string>4</string>
			<key>isa</key>
			<string>PBXFileReference</string>
			<key>lastKnownFileType</key>
			<string>sourcecode.c.objc</string>
			<key>path</key>
			<string>SBSEditBulletinViewController.m</string>
			<key>sourceTree</key>
			<string>&lt;group&gt;</string>
		</dict>
		<key>4A0124B916FCFDA700F744D6</key>
		<dict>
			<key>fileRef</key>
			<string>4A0124B716FCFDA600F744D6</string>
			<key>isa</key>
			<string>PBXBuildFile</string>
		</dict>
		<key>4A0124BB16FCFE0100F744D6</key>
		<dict>
			<key>fileEncoding</key>
			<string>4</string>
			<key>isa</key>
			<string>PBXFileReference</string>
			<key>lastKnownFileType</key>
			<string>file.xib</string>
			<key>path</key>
			<string>SBSEditBulletinViewController.xib</string>
			<key>sourceTree</key>
			<string>&lt;group&gt;</string>
		</dict>
		<key>4A0124BC16FCFE0100F744D6</key>
		<dict>
			<key>fileRef</key>
			<string>4A0124BB16FCFE0100F744D6</string>
			<key>isa</key>
			<string>PBXBuildFile</string>
		</dict>
		<key>4A12098F16A9D69000A7259B</key>
		<dict>
			<key>fileEncoding</key>
			<string>4</string>
			<key>isa</key>
			<string>PBXFileReference</string>
			<key>lastKnownFileType</key>
			<string>sourcecode.c.h</string>
			<key>path</key>
			<string>SBSAgendaTableViewController.h</string>
			<key>sourceTree</key>
			<string>&lt;group&gt;</string>
		</dict>
		<key>4A12099016A9D69000A7259B</key>
		<dict>
			<key>fileEncoding</key>
			<string>4</string>
			<key>isa</key>
			<string>PBXFileReference</string>
			<key>lastKnownFileType</key>
			<string>sourcecode.c.objc</string>
			<key>path</key>
			<string>SBSAgendaTableViewController.m</string>
			<key>sourceTree</key>
			<string>&lt;group&gt;</string>
		</dict>
		<key>4A12099116A9D69000A7259B</key>
		<dict>
			<key>fileRef</key>
			<string>4A12099016A9D69000A7259B</string>
			<key>isa</key>
			<string>PBXBuildFile</string>
		</dict>
		<key>4A15DA9616A0AE4200D8EB86</key>
		<dict>
			<key>isa</key>
			<string>PBXFileReference</string>
			<key>lastKnownFileType</key>
			<string>text.plist.xml</string>
			<key>path</key>
			<string>SebastiaanSchool-Info.plist</string>
			<key>sourceTree</key>
			<string>&lt;group&gt;</string>
		</dict>
		<key>4A19669F16A086910011EFBF</key>
		<dict>
			<key>fileEncoding</key>
			<string>4</string>
			<key>isa</key>
			<string>PBXFileReference</string>
			<key>lastKnownFileType</key>
			<string>sourcecode.c.h</string>
			<key>path</key>
			<string>SBSNewsLetterTableViewController.h</string>
			<key>sourceTree</key>
			<string>&lt;group&gt;</string>
		</dict>
		<key>4A1966A016A086910011EFBF</key>
		<dict>
			<key>fileEncoding</key>
			<string>4</string>
			<key>isa</key>
			<string>PBXFileReference</string>
			<key>lastKnownFileType</key>
			<string>sourcecode.c.objc</string>
			<key>lineEnding</key>
			<string>0</string>
			<key>path</key>
			<string>SBSNewsLetterTableViewController.m</string>
			<key>sourceTree</key>
			<string>&lt;group&gt;</string>
			<key>xcLanguageSpecificationIdentifier</key>
			<string>xcode.lang.objc</string>
		</dict>
		<key>4A1966A116A086910011EFBF</key>
		<dict>
			<key>fileRef</key>
			<string>4A1966A016A086910011EFBF</string>
			<key>isa</key>
			<string>PBXBuildFile</string>
		</dict>
		<key>4A1966A616A08DAE0011EFBF</key>
		<dict>
			<key>fileEncoding</key>
			<string>4</string>
			<key>isa</key>
			<string>PBXFileReference</string>
			<key>lastKnownFileType</key>
			<string>sourcecode.c.h</string>
			<key>path</key>
			<string>SBSNewsLetterViewController.h</string>
			<key>sourceTree</key>
			<string>&lt;group&gt;</string>
		</dict>
		<key>4A1966A716A08DAE0011EFBF</key>
		<dict>
			<key>fileEncoding</key>
			<string>4</string>
			<key>isa</key>
			<string>PBXFileReference</string>
			<key>lastKnownFileType</key>
			<string>sourcecode.c.objc</string>
			<key>path</key>
			<string>SBSNewsLetterViewController.m</string>
			<key>sourceTree</key>
			<string>&lt;group&gt;</string>
		</dict>
		<key>4A1966A816A08DAE0011EFBF</key>
		<dict>
			<key>fileRef</key>
			<string>4A1966A716A08DAE0011EFBF</string>
			<key>isa</key>
			<string>PBXBuildFile</string>
		</dict>
		<key>4A2B5BD216C639F000A21460</key>
		<dict>
			<key>isa</key>
			<string>PBXFileReference</string>
			<key>lastKnownFileType</key>
			<string>wrapper.framework</string>
			<key>name</key>
			<string>EventKit.framework</string>
			<key>path</key>
			<string>System/Library/Frameworks/EventKit.framework</string>
			<key>sourceTree</key>
			<string>SDKROOT</string>
		</dict>
		<key>4A2B5BD316C639F000A21460</key>
		<dict>
			<key>isa</key>
			<string>PBXFileReference</string>
			<key>lastKnownFileType</key>
			<string>wrapper.framework</string>
			<key>name</key>
			<string>EventKitUI.framework</string>
			<key>path</key>
			<string>System/Library/Frameworks/EventKitUI.framework</string>
			<key>sourceTree</key>
			<string>SDKROOT</string>
		</dict>
		<key>4A2B5BD416C639F000A21460</key>
		<dict>
			<key>fileRef</key>
			<string>4A2B5BD216C639F000A21460</string>
			<key>isa</key>
			<string>PBXBuildFile</string>
		</dict>
		<key>4A2B5BD516C639F000A21460</key>
		<dict>
			<key>fileRef</key>
			<string>4A2B5BD316C639F000A21460</string>
			<key>isa</key>
			<string>PBXBuildFile</string>
		</dict>
		<key>4A31C73317E870FA005FB021</key>
		<dict>
			<key>fileEncoding</key>
			<string>4</string>
			<key>isa</key>
			<string>PBXFileReference</string>
			<key>lastKnownFileType</key>
			<string>sourcecode.c.h</string>
			<key>path</key>
			<string>SBSButton.h</string>
			<key>sourceTree</key>
			<string>&lt;group&gt;</string>
		</dict>
		<key>4A31C73417E870FA005FB021</key>
		<dict>
			<key>fileEncoding</key>
			<string>4</string>
			<key>isa</key>
			<string>PBXFileReference</string>
			<key>lastKnownFileType</key>
			<string>sourcecode.c.objc</string>
			<key>path</key>
			<string>SBSButton.m</string>
			<key>sourceTree</key>
			<string>&lt;group&gt;</string>
		</dict>
		<key>4A31C73517E870FA005FB021</key>
		<dict>
			<key>fileRef</key>
			<string>4A31C73417E870FA005FB021</string>
			<key>isa</key>
			<string>PBXBuildFile</string>
		</dict>
		<key>4A35F07F16AB525500D0E7B3</key>
		<dict>
			<key>buildActionMask</key>
			<string>2147483647</string>
			<key>files</key>
			<array/>
			<key>inputPaths</key>
			<array/>
			<key>isa</key>
			<string>PBXShellScriptBuildPhase</string>
			<key>name</key>
			<string>Check and Prep release</string>
			<key>outputPaths</key>
			<array/>
			<key>runOnlyForDeploymentPostprocessing</key>
			<string>0</string>
			<key>shellPath</key>
			<string>/bin/sh</string>
			<key>shellScript</key>
			<string>echo "Detected a ${CONFIGURATION} build"
if [  $CONFIGURATION != Release ]; then
    echo "Skipping release prep"
    exit 0;
fi

if [ -z "$(git status --porcelain)" ]; then
    echo "Working directory clean, proceeding with RELEASE build"
else
    echo "error: Working directory dirty, stopping build"
    exit 1
fi

buildVersion=`/usr/libexec/PlistBuddy  -c "Print CFBundleShortVersionString" SebastiaanSchool-Info.plist`

plist=${PROJECT_DIR}/${INFOPLIST_FILE}

# increment the build number (ie 115 to 116)
buildnum=$(/usr/libexec/PlistBuddy -c "Print CFBundleVersion" "${plist}")
if [[ "${buildnum}" == "" ]]; then
echo "No build number in $plist"
exit 2
fi

echo "Tagging build"
git tag -a v${buildVersion}-${buildnum} -m "Created archive."

echo "Bumping build number..."

buildnum=$(expr $buildnum + 1)
/usr/libexec/Plistbuddy -c "Set CFBundleVersion $buildnum" "${plist}"

#cd "${PROJECT_DIR}"
git add SebastiaanSchool-Info.plist
git commit -m "Bumped build number to $buildnum"

</string>
		</dict>
		<key>4A3B995B16A0781900241D4C</key>
		<dict>
			<key>isa</key>
			<string>PBXFileReference</string>
			<key>lastKnownFileType</key>
			<string>text.xml</string>
			<key>path</key>
			<string>SebastiaanSchool.entitlements</string>
			<key>sourceTree</key>
			<string>&lt;group&gt;</string>
		</dict>
		<key>4A3B995F16A0830600241D4C</key>
		<dict>
			<key>fileEncoding</key>
			<string>4</string>
			<key>isa</key>
			<string>PBXFileReference</string>
			<key>lastKnownFileType</key>
			<string>file.xib</string>
			<key>path</key>
			<string>MainWindow.xib</string>
			<key>sourceTree</key>
			<string>&lt;group&gt;</string>
		</dict>
		<key>4A3B996016A0830600241D4C</key>
		<dict>
			<key>fileRef</key>
			<string>4A3B995F16A0830600241D4C</string>
			<key>isa</key>
			<string>PBXBuildFile</string>
		</dict>
		<key>4A3F5B5716A87BB9005F742E</key>
		<dict>
			<key>fileEncoding</key>
			<string>4</string>
			<key>isa</key>
			<string>PBXFileReference</string>
			<key>lastKnownFileType</key>
			<string>sourcecode.c.h</string>
			<key>path</key>
			<string>NSUserDefaults+SBS.h</string>
			<key>sourceTree</key>
			<string>&lt;group&gt;</string>
		</dict>
		<key>4A3F5B5816A87BB9005F742E</key>
		<dict>
			<key>fileEncoding</key>
			<string>4</string>
			<key>isa</key>
			<string>PBXFileReference</string>
			<key>lastKnownFileType</key>
			<string>sourcecode.c.objc</string>
			<key>path</key>
			<string>NSUserDefaults+SBS.m</string>
			<key>sourceTree</key>
			<string>&lt;group&gt;</string>
		</dict>
		<key>4A3F5B5916A87BB9005F742E</key>
		<dict>
			<key>fileRef</key>
			<string>4A3F5B5816A87BB9005F742E</string>
			<key>isa</key>
			<string>PBXBuildFile</string>
		</dict>
		<key>4A3F6A3516C58FB700FC066D</key>
		<dict>
			<key>fileEncoding</key>
			<string>4</string>
			<key>isa</key>
			<string>PBXFileReference</string>
			<key>lastKnownFileType</key>
			<string>file.xib</string>
			<key>path</key>
			<string>SBSInfoViewController.xib</string>
			<key>sourceTree</key>
			<string>&lt;group&gt;</string>
		</dict>
		<key>4A3F6A3616C58FB700FC066D</key>
		<dict>
			<key>fileRef</key>
			<string>4A3F6A3516C58FB700FC066D</string>
			<key>isa</key>
			<string>PBXBuildFile</string>
		</dict>
		<key>4A4997CC16FEF60F00B8A729</key>
		<dict>
			<key>children</key>
			<array>
				<string>4A4997CD16FEF65400B8A729</string>
				<string>4A4997CE16FEF65400B8A729</string>
				<string>4A4997D016FEF68600B8A729</string>
				<string>4A4997D116FEF68600B8A729</string>
				<string>4A4997D316FEF6AB00B8A729</string>
				<string>4A4997D416FEF6AB00B8A729</string>
				<string>4A4997D616FEF6CF00B8A729</string>
				<string>4A4997D716FEF6CF00B8A729</string>
				<string>4A7317D917F889E30018BE7C</string>
				<string>4A7317DA17F889E30018BE7C</string>
			</array>
			<key>isa</key>
			<string>PBXGroup</string>
			<key>name</key>
			<string>Model</string>
			<key>sourceTree</key>
			<string>&lt;group&gt;</string>
		</dict>
		<key>4A4997CD16FEF65400B8A729</key>
		<dict>
			<key>fileEncoding</key>
			<string>4</string>
			<key>isa</key>
			<string>PBXFileReference</string>
			<key>lastKnownFileType</key>
			<string>sourcecode.c.h</string>
			<key>path</key>
			<string>SBSAgendaItem.h</string>
			<key>sourceTree</key>
			<string>&lt;group&gt;</string>
		</dict>
		<key>4A4997CE16FEF65400B8A729</key>
		<dict>
			<key>fileEncoding</key>
			<string>4</string>
			<key>isa</key>
			<string>PBXFileReference</string>
			<key>lastKnownFileType</key>
			<string>sourcecode.c.objc</string>
			<key>path</key>
			<string>SBSAgendaItem.m</string>
			<key>sourceTree</key>
			<string>&lt;group&gt;</string>
		</dict>
		<key>4A4997CF16FEF65400B8A729</key>
		<dict>
			<key>fileRef</key>
			<string>4A4997CE16FEF65400B8A729</string>
			<key>isa</key>
			<string>PBXBuildFile</string>
		</dict>
		<key>4A4997D016FEF68600B8A729</key>
		<dict>
			<key>fileEncoding</key>
			<string>4</string>
			<key>isa</key>
			<string>PBXFileReference</string>
			<key>lastKnownFileType</key>
			<string>sourcecode.c.h</string>
			<key>path</key>
			<string>SBSBulletin.h</string>
			<key>sourceTree</key>
			<string>&lt;group&gt;</string>
		</dict>
		<key>4A4997D116FEF68600B8A729</key>
		<dict>
			<key>fileEncoding</key>
			<string>4</string>
			<key>isa</key>
			<string>PBXFileReference</string>
			<key>lastKnownFileType</key>
			<string>sourcecode.c.objc</string>
			<key>path</key>
			<string>SBSBulletin.m</string>
			<key>sourceTree</key>
			<string>&lt;group&gt;</string>
		</dict>
		<key>4A4997D216FEF68600B8A729</key>
		<dict>
			<key>fileRef</key>
			<string>4A4997D116FEF68600B8A729</string>
			<key>isa</key>
			<string>PBXBuildFile</string>
		</dict>
		<key>4A4997D316FEF6AB00B8A729</key>
		<dict>
			<key>fileEncoding</key>
			<string>4</string>
			<key>isa</key>
			<string>PBXFileReference</string>
			<key>lastKnownFileType</key>
			<string>sourcecode.c.h</string>
			<key>path</key>
			<string>SBSContactItem.h</string>
			<key>sourceTree</key>
			<string>&lt;group&gt;</string>
		</dict>
		<key>4A4997D416FEF6AB00B8A729</key>
		<dict>
			<key>fileEncoding</key>
			<string>4</string>
			<key>isa</key>
			<string>PBXFileReference</string>
			<key>lastKnownFileType</key>
			<string>sourcecode.c.objc</string>
			<key>path</key>
			<string>SBSContactItem.m</string>
			<key>sourceTree</key>
			<string>&lt;group&gt;</string>
		</dict>
		<key>4A4997D516FEF6AB00B8A729</key>
		<dict>
			<key>fileRef</key>
			<string>4A4997D416FEF6AB00B8A729</string>
			<key>isa</key>
			<string>PBXBuildFile</string>
		</dict>
		<key>4A4997D616FEF6CF00B8A729</key>
		<dict>
			<key>fileEncoding</key>
			<string>4</string>
			<key>isa</key>
			<string>PBXFileReference</string>
			<key>lastKnownFileType</key>
			<string>sourcecode.c.h</string>
			<key>path</key>
			<string>SBSNewsLetter.h</string>
			<key>sourceTree</key>
			<string>&lt;group&gt;</string>
		</dict>
		<key>4A4997D716FEF6CF00B8A729</key>
		<dict>
			<key>fileEncoding</key>
			<string>4</string>
			<key>isa</key>
			<string>PBXFileReference</string>
			<key>lastKnownFileType</key>
			<string>sourcecode.c.objc</string>
			<key>path</key>
			<string>SBSNewsLetter.m</string>
			<key>sourceTree</key>
			<string>&lt;group&gt;</string>
		</dict>
		<key>4A4997D816FEF6CF00B8A729</key>
		<dict>
			<key>fileRef</key>
			<string>4A4997D716FEF6CF00B8A729</string>
			<key>isa</key>
			<string>PBXBuildFile</string>
		</dict>
		<key>4A4BF3B516C6BA4000497DC0</key>
		<dict>
			<key>fileEncoding</key>
			<string>4</string>
			<key>isa</key>
			<string>PBXFileReference</string>
			<key>lastKnownFileType</key>
			<string>sourcecode.c.h</string>
			<key>path</key>
			<string>SBSEditTeamMemberViewController.h</string>
			<key>sourceTree</key>
			<string>&lt;group&gt;</string>
		</dict>
		<key>4A4BF3B616C6BA4100497DC0</key>
		<dict>
			<key>fileEncoding</key>
			<string>4</string>
			<key>isa</key>
			<string>PBXFileReference</string>
			<key>lastKnownFileType</key>
			<string>sourcecode.c.objc</string>
			<key>path</key>
			<string>SBSEditTeamMemberViewController.m</string>
			<key>sourceTree</key>
			<string>&lt;group&gt;</string>
		</dict>
		<key>4A4BF3B716C6BA4100497DC0</key>
		<dict>
			<key>fileRef</key>
			<string>4A4BF3B616C6BA4100497DC0</string>
			<key>isa</key>
			<string>PBXBuildFile</string>
		</dict>
		<key>4A4EA04A16A34CA400F12406</key>
		<dict>
			<key>isa</key>
			<string>PBXFileReference</string>
			<key>lastKnownFileType</key>
			<string>wrapper.plug-in</string>
			<key>path</key>
			<string>Settings.bundle</string>
			<key>sourceTree</key>
			<string>&lt;group&gt;</string>
		</dict>
		<key>4A4EA04B16A34CA400F12406</key>
		<dict>
			<key>fileRef</key>
			<string>4A4EA04A16A34CA400F12406</string>
			<key>isa</key>
			<string>PBXBuildFile</string>
		</dict>
		<key>4A4EA05616A35B1F00F12406</key>
		<dict>
			<key>fileEncoding</key>
			<string>4</string>
			<key>isa</key>
			<string>PBXFileReference</string>
			<key>lastKnownFileType</key>
			<string>sourcecode.c.h</string>
			<key>path</key>
			<string>SBSStaffViewController.h</string>
			<key>sourceTree</key>
			<string>&lt;group&gt;</string>
		</dict>
		<key>4A4EA05716A35B1F00F12406</key>
		<dict>
			<key>fileEncoding</key>
			<string>4</string>
			<key>isa</key>
			<string>PBXFileReference</string>
			<key>lastKnownFileType</key>
			<string>sourcecode.c.objc</string>
			<key>path</key>
			<string>SBSStaffViewController.m</string>
			<key>sourceTree</key>
			<string>&lt;group&gt;</string>
		</dict>
		<key>4A4EA05916A35B1F00F12406</key>
		<dict>
			<key>fileRef</key>
			<string>4A4EA05716A35B1F00F12406</string>
			<key>isa</key>
			<string>PBXBuildFile</string>
		</dict>
		<key>4A69268B17C360E100C1C9A8</key>
		<dict>
			<key>fileEncoding</key>
			<string>4</string>
			<key>isa</key>
			<string>PBXFileReference</string>
			<key>lastKnownFileType</key>
			<string>sourcecode.c.h</string>
			<key>path</key>
			<string>UIView+AF1.h</string>
			<key>sourceTree</key>
			<string>&lt;group&gt;</string>
		</dict>
		<key>4A69268C17C360E100C1C9A8</key>
		<dict>
			<key>fileEncoding</key>
			<string>4</string>
			<key>isa</key>
			<string>PBXFileReference</string>
			<key>lastKnownFileType</key>
			<string>sourcecode.c.objc</string>
			<key>path</key>
			<string>UIView+AF1.m</string>
			<key>sourceTree</key>
			<string>&lt;group&gt;</string>
		</dict>
		<key>4A69268D17C360E100C1C9A8</key>
		<dict>
			<key>fileRef</key>
			<string>4A69268C17C360E100C1C9A8</string>
			<key>isa</key>
			<string>PBXBuildFile</string>
		</dict>
		<key>4A6A4EFB18148CAD0080D686</key>
		<dict>
			<key>buildActionMask</key>
			<string>2147483647</string>
			<key>files</key>
			<array>
				<string>4A6A4F0B18148CAD0080D686</string>
			</array>
			<key>isa</key>
			<string>PBXSourcesBuildPhase</string>
			<key>runOnlyForDeploymentPostprocessing</key>
			<string>0</string>
		</dict>
		<key>4A6A4EFC18148CAD0080D686</key>
		<dict>
			<key>buildActionMask</key>
			<string>2147483647</string>
			<key>files</key>
			<array>
				<string>4A6A4F0118148CAD0080D686</string>
				<string>4A6A4F0318148CAD0080D686</string>
				<string>4A6A4F0218148CAD0080D686</string>
				<string>2075C02EC21543699A3107CA</string>
			</array>
			<key>isa</key>
			<string>PBXFrameworksBuildPhase</string>
			<key>runOnlyForDeploymentPostprocessing</key>
			<string>0</string>
		</dict>
		<key>4A6A4EFD18148CAD0080D686</key>
		<dict>
			<key>buildActionMask</key>
			<string>2147483647</string>
			<key>files</key>
			<array>
				<string>4A6A4F0918148CAD0080D686</string>
			</array>
			<key>isa</key>
			<string>PBXResourcesBuildPhase</string>
			<key>runOnlyForDeploymentPostprocessing</key>
			<string>0</string>
		</dict>
		<key>4A6A4EFE18148CAD0080D686</key>
		<dict>
			<key>buildConfigurationList</key>
			<string>4A6A4F1118148CAD0080D686</string>
			<key>buildPhases</key>
			<array>
				<string>88CF2DF0A23546FF9ACCBF6F</string>
				<string>4A6A4EFB18148CAD0080D686</string>
				<string>4A6A4EFC18148CAD0080D686</string>
				<string>4A6A4EFD18148CAD0080D686</string>
				<string>488EFC67C80B46AC995909BA</string>
			</array>
			<key>buildRules</key>
			<array/>
			<key>dependencies</key>
			<array>
				<string>4A6A4F0E18148CAD0080D686</string>
			</array>
			<key>isa</key>
			<string>PBXNativeTarget</string>
			<key>name</key>
			<string>SebastiaanSchool Tests</string>
			<key>productName</key>
			<string>SebastiaanSchool Tests</string>
			<key>productReference</key>
			<string>4A6A4EFF18148CAD0080D686</string>
			<key>productType</key>
			<string>com.apple.product-type.bundle.unit-test</string>
		</dict>
		<key>4A6A4EFF18148CAD0080D686</key>
		<dict>
			<key>explicitFileType</key>
			<string>wrapper.cfbundle</string>
			<key>includeInIndex</key>
			<string>0</string>
			<key>isa</key>
			<string>PBXFileReference</string>
			<key>path</key>
			<string>SebastiaanSchool Tests.xctest</string>
			<key>sourceTree</key>
			<string>BUILT_PRODUCTS_DIR</string>
		</dict>
		<key>4A6A4F0018148CAD0080D686</key>
		<dict>
			<key>isa</key>
			<string>PBXFileReference</string>
			<key>lastKnownFileType</key>
			<string>wrapper.framework</string>
			<key>name</key>
			<string>XCTest.framework</string>
			<key>path</key>
			<string>Library/Frameworks/XCTest.framework</string>
			<key>sourceTree</key>
			<string>DEVELOPER_DIR</string>
		</dict>
		<key>4A6A4F0118148CAD0080D686</key>
		<dict>
			<key>fileRef</key>
			<string>4A6A4F0018148CAD0080D686</string>
			<key>isa</key>
			<string>PBXBuildFile</string>
		</dict>
		<key>4A6A4F0218148CAD0080D686</key>
		<dict>
			<key>fileRef</key>
			<string>09ABC07313A1D52D009C3FCF</string>
			<key>isa</key>
			<string>PBXBuildFile</string>
		</dict>
		<key>4A6A4F0318148CAD0080D686</key>
		<dict>
			<key>fileRef</key>
			<string>09ABC07113A1D52D009C3FCF</string>
			<key>isa</key>
			<string>PBXBuildFile</string>
		</dict>
		<key>4A6A4F0418148CAD0080D686</key>
		<dict>
			<key>children</key>
			<array>
				<string>4A6A4F0A18148CAD0080D686</string>
				<string>4A6A4F0518148CAD0080D686</string>
			</array>
			<key>isa</key>
			<string>PBXGroup</string>
			<key>path</key>
			<string>SebastiaanSchool Tests</string>
			<key>sourceTree</key>
			<string>&lt;group&gt;</string>
		</dict>
		<key>4A6A4F0518148CAD0080D686</key>
		<dict>
			<key>children</key>
			<array>
				<string>4A6A4F0618148CAD0080D686</string>
				<string>4A6A4F0718148CAD0080D686</string>
				<string>4A6A4F0C18148CAD0080D686</string>
			</array>
			<key>isa</key>
			<string>PBXGroup</string>
			<key>name</key>
			<string>Supporting Files</string>
			<key>sourceTree</key>
			<string>&lt;group&gt;</string>
		</dict>
		<key>4A6A4F0618148CAD0080D686</key>
		<dict>
			<key>isa</key>
			<string>PBXFileReference</string>
			<key>lastKnownFileType</key>
			<string>text.plist.xml</string>
			<key>path</key>
			<string>SebastiaanSchool Tests-Info.plist</string>
			<key>sourceTree</key>
			<string>&lt;group&gt;</string>
		</dict>
		<key>4A6A4F0718148CAD0080D686</key>
		<dict>
			<key>children</key>
			<array>
				<string>4A6A4F0818148CAD0080D686</string>
			</array>
			<key>isa</key>
			<string>PBXVariantGroup</string>
			<key>name</key>
			<string>InfoPlist.strings</string>
			<key>sourceTree</key>
			<string>&lt;group&gt;</string>
		</dict>
		<key>4A6A4F0818148CAD0080D686</key>
		<dict>
			<key>isa</key>
			<string>PBXFileReference</string>
			<key>lastKnownFileType</key>
			<string>text.plist.strings</string>
			<key>name</key>
			<string>en</string>
			<key>path</key>
			<string>en.lproj/InfoPlist.strings</string>
			<key>sourceTree</key>
			<string>&lt;group&gt;</string>
		</dict>
		<key>4A6A4F0918148CAD0080D686</key>
		<dict>
			<key>fileRef</key>
			<string>4A6A4F0718148CAD0080D686</string>
			<key>isa</key>
			<string>PBXBuildFile</string>
		</dict>
		<key>4A6A4F0A18148CAD0080D686</key>
		<dict>
			<key>isa</key>
			<string>PBXFileReference</string>
			<key>lastKnownFileType</key>
			<string>sourcecode.c.objc</string>
			<key>path</key>
			<string>SebastiaanSchool_Tests.m</string>
			<key>sourceTree</key>
			<string>&lt;group&gt;</string>
		</dict>
		<key>4A6A4F0B18148CAD0080D686</key>
		<dict>
			<key>fileRef</key>
			<string>4A6A4F0A18148CAD0080D686</string>
			<key>isa</key>
			<string>PBXBuildFile</string>
		</dict>
		<key>4A6A4F0C18148CAD0080D686</key>
		<dict>
			<key>isa</key>
			<string>PBXFileReference</string>
			<key>lastKnownFileType</key>
			<string>sourcecode.c.h</string>
			<key>path</key>
			<string>SebastiaanSchool Tests-Prefix.pch</string>
			<key>sourceTree</key>
			<string>&lt;group&gt;</string>
		</dict>
		<key>4A6A4F0D18148CAD0080D686</key>
		<dict>
			<key>containerPortal</key>
			<string>09ABC06413A1D52D009C3FCF</string>
			<key>isa</key>
			<string>PBXContainerItemProxy</string>
			<key>proxyType</key>
			<string>1</string>
			<key>remoteGlobalIDString</key>
			<string>09ABC06C13A1D52D009C3FCF</string>
			<key>remoteInfo</key>
			<string>SebastiaanSchool</string>
		</dict>
		<key>4A6A4F0E18148CAD0080D686</key>
		<dict>
			<key>isa</key>
			<string>PBXTargetDependency</string>
			<key>target</key>
			<string>09ABC06C13A1D52D009C3FCF</string>
			<key>targetProxy</key>
			<string>4A6A4F0D18148CAD0080D686</string>
		</dict>
		<key>4A6A4F0F18148CAD0080D686</key>
		<dict>
			<key>baseConfigurationReference</key>
			<string>3AF11DABE7A34472AEBAC686</string>
			<key>buildSettings</key>
			<dict>
				<key>ALWAYS_SEARCH_USER_PATHS</key>
				<string>NO</string>
				<key>ARCHS</key>
				<string>$(ARCHS_STANDARD_INCLUDING_64_BIT)</string>
				<key>BUNDLE_LOADER</key>
				<string>$(BUILT_PRODUCTS_DIR)/SebastiaanSchool.app/SebastiaanSchool</string>
				<key>CLANG_CXX_LANGUAGE_STANDARD</key>
				<string>gnu++0x</string>
				<key>CLANG_CXX_LIBRARY</key>
				<string>libc++</string>
				<key>CLANG_ENABLE_MODULES</key>
				<string>YES</string>
				<key>CLANG_ENABLE_OBJC_ARC</key>
				<string>YES</string>
				<key>CLANG_WARN_DIRECT_OBJC_ISA_USAGE</key>
				<string>YES_ERROR</string>
				<key>CLANG_WARN_OBJC_ROOT_CLASS</key>
				<string>YES_ERROR</string>
				<key>COPY_PHASE_STRIP</key>
				<string>NO</string>
				<key>FRAMEWORK_SEARCH_PATHS</key>
				<array>
					<string>$(SDKROOT)/Developer/Library/Frameworks</string>
					<string>$(inherited)</string>
					<string>$(DEVELOPER_FRAMEWORKS_DIR)</string>
				</array>
				<key>GCC_DYNAMIC_NO_PIC</key>
				<string>NO</string>
				<key>GCC_PRECOMPILE_PREFIX_HEADER</key>
				<string>YES</string>
				<key>GCC_PREFIX_HEADER</key>
				<string>SebastiaanSchool Tests/SebastiaanSchool Tests-Prefix.pch</string>
				<key>GCC_PREPROCESSOR_DEFINITIONS</key>
				<array>
					<string>DEBUG=1</string>
					<string>$(inherited)</string>
				</array>
				<key>GCC_WARN_64_TO_32_BIT_CONVERSION</key>
				<string>YES</string>
				<key>GCC_WARN_ABOUT_RETURN_TYPE</key>
				<string>YES_ERROR</string>
				<key>INFOPLIST_FILE</key>
				<string>SebastiaanSchool Tests/SebastiaanSchool Tests-Info.plist</string>
				<key>IPHONEOS_DEPLOYMENT_TARGET</key>
				<string>7.0</string>
				<key>PRODUCT_NAME</key>
				<string>$(TARGET_NAME)</string>
				<key>TEST_HOST</key>
				<string>$(BUNDLE_LOADER)</string>
				<key>WRAPPER_EXTENSION</key>
				<string>xctest</string>
			</dict>
			<key>isa</key>
			<string>XCBuildConfiguration</string>
			<key>name</key>
			<string>Debug</string>
		</dict>
		<key>4A6A4F1018148CAD0080D686</key>
		<dict>
			<key>baseConfigurationReference</key>
			<string>3AF11DABE7A34472AEBAC686</string>
			<key>buildSettings</key>
			<dict>
				<key>ALWAYS_SEARCH_USER_PATHS</key>
				<string>NO</string>
				<key>ARCHS</key>
				<string>$(ARCHS_STANDARD_INCLUDING_64_BIT)</string>
				<key>BUNDLE_LOADER</key>
				<string>$(BUILT_PRODUCTS_DIR)/SebastiaanSchool.app/SebastiaanSchool</string>
				<key>CLANG_CXX_LANGUAGE_STANDARD</key>
				<string>gnu++0x</string>
				<key>CLANG_CXX_LIBRARY</key>
				<string>libc++</string>
				<key>CLANG_ENABLE_MODULES</key>
				<string>YES</string>
				<key>CLANG_ENABLE_OBJC_ARC</key>
				<string>YES</string>
				<key>CLANG_WARN_DIRECT_OBJC_ISA_USAGE</key>
				<string>YES_ERROR</string>
				<key>CLANG_WARN_OBJC_ROOT_CLASS</key>
				<string>YES_ERROR</string>
				<key>COPY_PHASE_STRIP</key>
				<string>YES</string>
				<key>ENABLE_NS_ASSERTIONS</key>
				<string>NO</string>
				<key>FRAMEWORK_SEARCH_PATHS</key>
				<array>
					<string>$(SDKROOT)/Developer/Library/Frameworks</string>
					<string>$(inherited)</string>
					<string>$(DEVELOPER_FRAMEWORKS_DIR)</string>
				</array>
				<key>GCC_PRECOMPILE_PREFIX_HEADER</key>
				<string>YES</string>
				<key>GCC_PREFIX_HEADER</key>
				<string>SebastiaanSchool Tests/SebastiaanSchool Tests-Prefix.pch</string>
				<key>GCC_WARN_64_TO_32_BIT_CONVERSION</key>
				<string>YES</string>
				<key>GCC_WARN_ABOUT_RETURN_TYPE</key>
				<string>YES_ERROR</string>
				<key>INFOPLIST_FILE</key>
				<string>SebastiaanSchool Tests/SebastiaanSchool Tests-Info.plist</string>
				<key>IPHONEOS_DEPLOYMENT_TARGET</key>
				<string>7.0</string>
				<key>PRODUCT_NAME</key>
				<string>$(TARGET_NAME)</string>
				<key>TEST_HOST</key>
				<string>$(BUNDLE_LOADER)</string>
				<key>VALIDATE_PRODUCT</key>
				<string>YES</string>
				<key>WRAPPER_EXTENSION</key>
				<string>xctest</string>
			</dict>
			<key>isa</key>
			<string>XCBuildConfiguration</string>
			<key>name</key>
			<string>Release</string>
		</dict>
		<key>4A6A4F1118148CAD0080D686</key>
		<dict>
			<key>buildConfigurations</key>
			<array>
				<string>4A6A4F0F18148CAD0080D686</string>
				<string>4A6A4F1018148CAD0080D686</string>
			</array>
			<key>defaultConfigurationIsVisible</key>
			<string>0</string>
			<key>isa</key>
			<string>XCConfigurationList</string>
		</dict>
		<key>4A71D3AB16A152A800A11C80</key>
		<dict>
			<key>fileEncoding</key>
			<string>4</string>
			<key>isa</key>
			<string>PBXFileReference</string>
			<key>lastKnownFileType</key>
			<string>sourcecode.c.h</string>
			<key>path</key>
			<string>SBSTeamTableViewController.h</string>
			<key>sourceTree</key>
			<string>&lt;group&gt;</string>
		</dict>
		<key>4A71D3AC16A152A800A11C80</key>
		<dict>
			<key>fileEncoding</key>
			<string>4</string>
			<key>isa</key>
			<string>PBXFileReference</string>
			<key>lastKnownFileType</key>
			<string>sourcecode.c.objc</string>
			<key>path</key>
			<string>SBSTeamTableViewController.m</string>
			<key>sourceTree</key>
			<string>&lt;group&gt;</string>
		</dict>
		<key>4A71D3AD16A152A800A11C80</key>
		<dict>
			<key>fileRef</key>
			<string>4A71D3AC16A152A800A11C80</string>
			<key>isa</key>
			<string>PBXBuildFile</string>
		</dict>
		<key>4A71D3B416A155D100A11C80</key>
		<dict>
			<key>fileEncoding</key>
			<string>4</string>
			<key>isa</key>
			<string>PBXFileReference</string>
			<key>lastKnownFileType</key>
			<string>sourcecode.c.h</string>
			<key>path</key>
			<string>SBSInfoViewController.h</string>
			<key>sourceTree</key>
			<string>&lt;group&gt;</string>
		</dict>
		<key>4A71D3B516A155D100A11C80</key>
		<dict>
			<key>fileEncoding</key>
			<string>4</string>
			<key>isa</key>
			<string>PBXFileReference</string>
			<key>lastKnownFileType</key>
			<string>sourcecode.c.objc</string>
			<key>path</key>
			<string>SBSInfoViewController.m</string>
			<key>sourceTree</key>
			<string>&lt;group&gt;</string>
		</dict>
		<key>4A71D3B616A155D100A11C80</key>
		<dict>
			<key>fileRef</key>
			<string>4A71D3B516A155D100A11C80</string>
			<key>isa</key>
			<string>PBXBuildFile</string>
		</dict>
		<key>4A71D3D916A3123F00A11C80</key>
		<dict>
			<key>isa</key>
			<string>PBXFileReference</string>
			<key>lastKnownFileType</key>
			<string>wrapper.framework</string>
			<key>name</key>
			<string>MessageUI.framework</string>
			<key>path</key>
			<string>System/Library/Frameworks/MessageUI.framework</string>
			<key>sourceTree</key>
			<string>SDKROOT</string>
		</dict>
		<key>4A71D3DA16A3123F00A11C80</key>
		<dict>
			<key>fileRef</key>
			<string>4A71D3D916A3123F00A11C80</string>
			<key>isa</key>
			<string>PBXBuildFile</string>
		</dict>
		<key>4A7317D917F889E30018BE7C</key>
		<dict>
			<key>fileEncoding</key>
			<string>4</string>
			<key>isa</key>
			<string>PBXFileReference</string>
			<key>lastKnownFileType</key>
			<string>sourcecode.c.h</string>
			<key>path</key>
			<string>SBSConfig.h</string>
			<key>sourceTree</key>
			<string>&lt;group&gt;</string>
		</dict>
		<key>4A7317DA17F889E30018BE7C</key>
		<dict>
			<key>fileEncoding</key>
			<string>4</string>
			<key>isa</key>
			<string>PBXFileReference</string>
			<key>lastKnownFileType</key>
			<string>sourcecode.c.objc</string>
			<key>path</key>
			<string>SBSConfig.m</string>
			<key>sourceTree</key>
			<string>&lt;group&gt;</string>
		</dict>
		<key>4A7317DB17F889E30018BE7C</key>
		<dict>
			<key>fileRef</key>
			<string>4A7317DA17F889E30018BE7C</string>
			<key>isa</key>
			<string>PBXBuildFile</string>
		</dict>
		<key>4A8792BB1805FCB00095CE1F</key>
		<dict>
			<key>fileEncoding</key>
			<string>4</string>
			<key>isa</key>
			<string>PBXFileReference</string>
			<key>lastKnownFileType</key>
			<string>sourcecode.c.h</string>
			<key>path</key>
			<string>NSObject+SBSAnalytics.h</string>
			<key>sourceTree</key>
			<string>&lt;group&gt;</string>
		</dict>
		<key>4A8792BC1805FCB00095CE1F</key>
		<dict>
			<key>fileEncoding</key>
			<string>4</string>
			<key>isa</key>
			<string>PBXFileReference</string>
			<key>lastKnownFileType</key>
			<string>sourcecode.c.objc</string>
			<key>path</key>
			<string>NSObject+SBSAnalytics.m</string>
			<key>sourceTree</key>
			<string>&lt;group&gt;</string>
		</dict>
		<key>4A8792BD1805FCB00095CE1F</key>
		<dict>
			<key>fileRef</key>
			<string>4A8792BC1805FCB00095CE1F</string>
			<key>isa</key>
			<string>PBXBuildFile</string>
		</dict>
		<key>4A9C9B6118082479006442E0</key>
		<dict>
			<key>fileEncoding</key>
			<string>4</string>
			<key>isa</key>
			<string>PBXFileReference</string>
			<key>lastKnownFileType</key>
			<string>sourcecode.c.h</string>
			<key>path</key>
			<string>UIResponder+SBS.h</string>
			<key>sourceTree</key>
			<string>&lt;group&gt;</string>
		</dict>
		<key>4A9C9B6218082479006442E0</key>
		<dict>
			<key>fileEncoding</key>
			<string>4</string>
			<key>isa</key>
			<string>PBXFileReference</string>
			<key>lastKnownFileType</key>
			<string>sourcecode.c.objc</string>
			<key>path</key>
			<string>UIResponder+SBS.m</string>
			<key>sourceTree</key>
			<string>&lt;group&gt;</string>
		</dict>
		<key>4A9C9B6318082479006442E0</key>
		<dict>
			<key>fileRef</key>
			<string>4A9C9B6218082479006442E0</string>
			<key>isa</key>
			<string>PBXBuildFile</string>
		</dict>
		<key>4AA09BB3172304E6004630B4</key>
		<dict>
			<key>fileEncoding</key>
			<string>4</string>
			<key>isa</key>
			<string>PBXFileReference</string>
			<key>lastKnownFileType</key>
			<string>file.xib</string>
			<key>path</key>
			<string>SBSEditTeamMemberViewController.xib</string>
			<key>sourceTree</key>
			<string>&lt;group&gt;</string>
		</dict>
		<key>4AA09BB4172304E6004630B4</key>
		<dict>
			<key>fileRef</key>
			<string>4AA09BB3172304E6004630B4</string>
			<key>isa</key>
			<string>PBXBuildFile</string>
		</dict>
		<key>4AA0A97D1730E834005D9BD0</key>
		<dict>
			<key>fileEncoding</key>
			<string>4</string>
			<key>isa</key>
			<string>PBXFileReference</string>
			<key>lastKnownFileType</key>
			<string>sourcecode.c.h</string>
			<key>path</key>
			<string>NSDate+JLDateAdditions.h</string>
			<key>sourceTree</key>
			<string>&lt;group&gt;</string>
		</dict>
		<key>4AA0A97E1730E834005D9BD0</key>
		<dict>
			<key>fileEncoding</key>
			<string>4</string>
			<key>isa</key>
			<string>PBXFileReference</string>
			<key>lastKnownFileType</key>
			<string>sourcecode.c.objc</string>
			<key>path</key>
			<string>NSDate+JLDateAdditions.m</string>
			<key>sourceTree</key>
			<string>&lt;group&gt;</string>
		</dict>
		<key>4AA0A97F1730E834005D9BD0</key>
		<dict>
			<key>fileRef</key>
			<string>4AA0A97E1730E834005D9BD0</string>
			<key>isa</key>
			<string>PBXBuildFile</string>
		</dict>
		<key>4AB3D52916AC88A5008086B5</key>
		<dict>
			<key>fileEncoding</key>
			<string>4</string>
			<key>isa</key>
			<string>PBXFileReference</string>
			<key>lastKnownFileType</key>
			<string>sourcecode.c.h</string>
			<key>path</key>
			<string>SBSSecurity.h</string>
			<key>sourceTree</key>
			<string>&lt;group&gt;</string>
		</dict>
		<key>4AB3D52A16AC88A5008086B5</key>
		<dict>
			<key>fileEncoding</key>
			<string>4</string>
			<key>isa</key>
			<string>PBXFileReference</string>
			<key>lastKnownFileType</key>
			<string>sourcecode.c.objc</string>
			<key>path</key>
			<string>SBSSecurity.m</string>
			<key>sourceTree</key>
			<string>&lt;group&gt;</string>
		</dict>
		<key>4AB3D52B16AC88A5008086B5</key>
		<dict>
			<key>fileRef</key>
			<string>4AB3D52A16AC88A5008086B5</string>
			<key>isa</key>
			<string>PBXBuildFile</string>
		</dict>
		<key>4AC3F7F616A0AF2600452D33</key>
		<dict>
			<key>fileRef</key>
			<string>4AC3F7F816A0AF2600452D33</string>
			<key>isa</key>
			<string>PBXBuildFile</string>
		</dict>
		<key>4AC3F7F716A0AF2600452D33</key>
		<dict>
			<key>isa</key>
			<string>PBXFileReference</string>
			<key>lastKnownFileType</key>
			<string>text.plist.strings</string>
			<key>name</key>
			<string>nl</string>
			<key>path</key>
			<string>nl.lproj/Localizable.strings</string>
			<key>sourceTree</key>
			<string>&lt;group&gt;</string>
		</dict>
		<key>4AC3F7F816A0AF2600452D33</key>
		<dict>
			<key>children</key>
			<array>
				<string>4AC3F7F716A0AF2600452D33</string>
				<string>4AC3F7F916A0AF3800452D33</string>
			</array>
			<key>isa</key>
			<string>PBXVariantGroup</string>
			<key>name</key>
			<string>Localizable.strings</string>
			<key>sourceTree</key>
			<string>SOURCE_ROOT</string>
		</dict>
		<key>4AC3F7F916A0AF3800452D33</key>
		<dict>
			<key>isa</key>
			<string>PBXFileReference</string>
			<key>lastKnownFileType</key>
			<string>text.plist.strings</string>
			<key>name</key>
			<string>en</string>
			<key>path</key>
			<string>en.lproj/Localizable.strings</string>
			<key>sourceTree</key>
			<string>&lt;group&gt;</string>
		</dict>
		<key>4AC3F7FC16A0AFBB00452D33</key>
		<dict>
			<key>fileRef</key>
			<string>4AC3F7FE16A0AFBB00452D33</string>
			<key>isa</key>
			<string>PBXBuildFile</string>
		</dict>
		<key>4AC3F7FD16A0AFBB00452D33</key>
		<dict>
			<key>isa</key>
			<string>PBXFileReference</string>
			<key>lastKnownFileType</key>
			<string>text.plist.strings</string>
			<key>name</key>
			<string>en</string>
			<key>path</key>
			<string>en.lproj/InfoPlist.strings</string>
			<key>sourceTree</key>
			<string>&lt;group&gt;</string>
		</dict>
		<key>4AC3F7FE16A0AFBB00452D33</key>
		<dict>
			<key>children</key>
			<array>
				<string>4AC3F7FD16A0AFBB00452D33</string>
				<string>4AC3F7FF16A0AFBF00452D33</string>
			</array>
			<key>isa</key>
			<string>PBXVariantGroup</string>
			<key>name</key>
			<string>InfoPlist.strings</string>
			<key>sourceTree</key>
			<string>&lt;group&gt;</string>
		</dict>
		<key>4AC3F7FF16A0AFBF00452D33</key>
		<dict>
			<key>isa</key>
			<string>PBXFileReference</string>
			<key>lastKnownFileType</key>
			<string>text.plist.strings</string>
			<key>name</key>
			<string>nl</string>
			<key>path</key>
			<string>nl.lproj/InfoPlist.strings</string>
			<key>sourceTree</key>
			<string>&lt;group&gt;</string>
		</dict>
		<key>4AD1809A16A57FBE00B97F61</key>
		<dict>
			<key>fileEncoding</key>
			<string>4</string>
			<key>isa</key>
			<string>PBXFileReference</string>
			<key>lastKnownFileType</key>
			<string>file.xib</string>
			<key>path</key>
			<string>SBSStaffViewController.xib</string>
			<key>sourceTree</key>
			<string>&lt;group&gt;</string>
		</dict>
		<key>4AD1809B16A57FBE00B97F61</key>
		<dict>
			<key>fileRef</key>
			<string>4AD1809A16A57FBE00B97F61</string>
			<key>isa</key>
			<string>PBXBuildFile</string>
		</dict>
		<key>4AD416371723DEB400DA4777</key>
		<dict>
			<key>fileEncoding</key>
			<string>4</string>
			<key>isa</key>
			<string>PBXFileReference</string>
			<key>lastKnownFileType</key>
			<string>sourcecode.c.h</string>
			<key>path</key>
			<string>SBSBaseEditViewController.h</string>
			<key>sourceTree</key>
			<string>&lt;group&gt;</string>
		</dict>
		<key>4AD416381723DEB400DA4777</key>
		<dict>
			<key>fileEncoding</key>
			<string>4</string>
			<key>isa</key>
			<string>PBXFileReference</string>
			<key>lastKnownFileType</key>
			<string>sourcecode.c.objc</string>
			<key>path</key>
			<string>SBSBaseEditViewController.m</string>
			<key>sourceTree</key>
			<string>&lt;group&gt;</string>
		</dict>
		<key>4AD416391723DEB400DA4777</key>
		<dict>
			<key>fileRef</key>
			<string>4AD416381723DEB400DA4777</string>
			<key>isa</key>
			<string>PBXBuildFile</string>
		</dict>
		<key>4AD4163A1723E87800DA4777</key>
		<dict>
			<key>fileEncoding</key>
			<string>4</string>
			<key>isa</key>
			<string>PBXFileReference</string>
			<key>lastKnownFileType</key>
			<string>sourcecode.c.h</string>
			<key>path</key>
			<string>SBSEditAgendaViewController.h</string>
			<key>sourceTree</key>
			<string>&lt;group&gt;</string>
		</dict>
		<key>4AD4163B1723E87800DA4777</key>
		<dict>
			<key>fileEncoding</key>
			<string>4</string>
			<key>isa</key>
			<string>PBXFileReference</string>
			<key>lastKnownFileType</key>
			<string>sourcecode.c.objc</string>
			<key>path</key>
			<string>SBSEditAgendaViewController.m</string>
			<key>sourceTree</key>
			<string>&lt;group&gt;</string>
		</dict>
		<key>4AD4163D1723E87800DA4777</key>
		<dict>
			<key>fileRef</key>
			<string>4AD4163B1723E87800DA4777</string>
			<key>isa</key>
			<string>PBXBuildFile</string>
		</dict>
		<key>4AD4163F1723E8A600DA4777</key>
		<dict>
			<key>fileEncoding</key>
			<string>4</string>
			<key>isa</key>
			<string>PBXFileReference</string>
			<key>lastKnownFileType</key>
			<string>file.xib</string>
			<key>path</key>
			<string>SBSEditAgendaViewController.xib</string>
			<key>sourceTree</key>
			<string>&lt;group&gt;</string>
		</dict>
		<key>4AD416401723E8A600DA4777</key>
		<dict>
			<key>fileRef</key>
			<string>4AD4163F1723E8A600DA4777</string>
			<key>isa</key>
			<string>PBXBuildFile</string>
		</dict>
		<key>4ADC931916A0050600DAA972</key>
		<dict>
			<key>children</key>
			<array>
				<string>4AA0A97D1730E834005D9BD0</string>
				<string>4AA0A97E1730E834005D9BD0</string>
				<string>4AD416371723DEB400DA4777</string>
				<string>4AD416381723DEB400DA4777</string>
				<string>4A4997CC16FEF60F00B8A729</string>
				<string>4ADC937B16A0283B00DAA972</string>
				<string>4ADC931E16A0050600DAA972</string>
				<string>4A3F5B5716A87BB9005F742E</string>
				<string>4A3F5B5816A87BB9005F742E</string>
				<string>4ADC931F16A0050600DAA972</string>
				<string>4ADC932016A0050600DAA972</string>
				<string>4A0124AC16FC9F2500F744D6</string>
				<string>4A0124AD16FC9F2500F744D6</string>
				<string>4AD4163A1723E87800DA4777</string>
				<string>4AD4163B1723E87800DA4777</string>
				<string>4A0124B616FCFDA600F744D6</string>
				<string>4A0124B716FCFDA600F744D6</string>
				<string>4A19669F16A086910011EFBF</string>
				<string>4A1966A016A086910011EFBF</string>
				<string>4A1966A616A08DAE0011EFBF</string>
				<string>4A1966A716A08DAE0011EFBF</string>
				<string>4ADFE4E616A0A36100EDAD2A</string>
				<string>4ADFE4E716A0A36100EDAD2A</string>
				<string>4A71D3AB16A152A800A11C80</string>
				<string>4A71D3AC16A152A800A11C80</string>
				<string>4A4BF3B516C6BA4000497DC0</string>
				<string>4A4BF3B616C6BA4100497DC0</string>
				<string>4A12098F16A9D69000A7259B</string>
				<string>4A12099016A9D69000A7259B</string>
				<string>4A71D3B416A155D100A11C80</string>
				<string>4A71D3B516A155D100A11C80</string>
				<string>4A4EA05616A35B1F00F12406</string>
				<string>4A4EA05716A35B1F00F12406</string>
				<string>4AB3D52916AC88A5008086B5</string>
				<string>4AB3D52A16AC88A5008086B5</string>
				<string>4A0124AF16FCA71D00F744D6</string>
				<string>4A0124B016FCA71D00F744D6</string>
				<string>4A69268B17C360E100C1C9A8</string>
				<string>4A69268C17C360E100C1C9A8</string>
				<string>4A31C73317E870FA005FB021</string>
				<string>4A31C73417E870FA005FB021</string>
				<string>4A8792BB1805FCB00095CE1F</string>
				<string>4A8792BC1805FCB00095CE1F</string>
				<string>4A9C9B6118082479006442E0</string>
				<string>4A9C9B6218082479006442E0</string>
			</array>
			<key>isa</key>
			<string>PBXGroup</string>
			<key>path</key>
			<string>Classes</string>
			<key>sourceTree</key>
			<string>&lt;group&gt;</string>
		</dict>
		<key>4ADC931E16A0050600DAA972</key>
		<dict>
			<key>fileEncoding</key>
			<string>4</string>
			<key>isa</key>
			<string>PBXFileReference</string>
			<key>lastKnownFileType</key>
			<string>sourcecode.c.objc</string>
			<key>lineEnding</key>
			<string>0</string>
			<key>path</key>
			<string>SBSSebastiaanSchoolAppDelegate.m</string>
			<key>sourceTree</key>
			<string>&lt;group&gt;</string>
			<key>xcLanguageSpecificationIdentifier</key>
			<string>xcode.lang.objc</string>
		</dict>
		<key>4ADC931F16A0050600DAA972</key>
		<dict>
			<key>fileEncoding</key>
			<string>4</string>
			<key>isa</key>
			<string>PBXFileReference</string>
			<key>lastKnownFileType</key>
			<string>sourcecode.c.h</string>
			<key>path</key>
			<string>SBSBulletinViewController.h</string>
			<key>sourceTree</key>
			<string>&lt;group&gt;</string>
		</dict>
		<key>4ADC932016A0050600DAA972</key>
		<dict>
			<key>fileEncoding</key>
			<string>4</string>
			<key>isa</key>
			<string>PBXFileReference</string>
			<key>lastKnownFileType</key>
			<string>sourcecode.c.objc</string>
			<key>path</key>
			<string>SBSBulletinViewController.m</string>
			<key>sourceTree</key>
			<string>&lt;group&gt;</string>
		</dict>
		<key>4ADC932116A0050600DAA972</key>
		<dict>
			<key>children</key>
			<array>
				<string>4A3B995F16A0830600241D4C</string>
				<string>4AD4163F1723E8A600DA4777</string>
				<string>4AA09BB3172304E6004630B4</string>
				<string>4A0124BB16FCFE0100F744D6</string>
				<string>4AD1809A16A57FBE00B97F61</string>
				<string>4A3F6A3516C58FB700FC066D</string>
				<string>4AC3F7F816A0AF2600452D33</string>
				<string>4A4EA04A16A34CA400F12406</string>
			</array>
			<key>isa</key>
			<string>PBXGroup</string>
			<key>path</key>
			<string>Resources</string>
			<key>sourceTree</key>
			<string>&lt;group&gt;</string>
		</dict>
		<key>4ADC932E16A0050600DAA972</key>
		<dict>
			<key>fileRef</key>
			<string>4ADC931E16A0050600DAA972</string>
			<key>isa</key>
			<string>PBXBuildFile</string>
		</dict>
		<key>4ADC932F16A0050600DAA972</key>
		<dict>
			<key>fileRef</key>
			<string>4ADC932016A0050600DAA972</string>
			<key>isa</key>
			<string>PBXBuildFile</string>
		</dict>
		<key>4ADC933916A0063000DAA972</key>
		<dict>
			<key>isa</key>
			<string>PBXFileReference</string>
			<key>lastKnownFileType</key>
			<string>sourcecode.c.h</string>
			<key>path</key>
			<string>SBSSebastiaanSchool-Prefix.pch</string>
			<key>sourceTree</key>
			<string>&lt;group&gt;</string>
		</dict>
		<key>4ADC933A16A0063700DAA972</key>
		<dict>
			<key>fileEncoding</key>
			<string>4</string>
			<key>isa</key>
			<string>PBXFileReference</string>
			<key>lastKnownFileType</key>
			<string>sourcecode.c.objc</string>
			<key>path</key>
			<string>main.m</string>
			<key>sourceTree</key>
			<string>&lt;group&gt;</string>
		</dict>
		<key>4ADC933B16A0063700DAA972</key>
		<dict>
			<key>fileRef</key>
			<string>4ADC933A16A0063700DAA972</string>
			<key>isa</key>
			<string>PBXBuildFile</string>
		</dict>
		<key>4ADC934716A00A5300DAA972</key>
		<dict>
			<key>buildActionMask</key>
			<string>2147483647</string>
			<key>files</key>
			<array/>
			<key>inputPaths</key>
			<array/>
			<key>isa</key>
			<string>PBXShellScriptBuildPhase</string>
			<key>name</key>
			<string>Generate configuration</string>
			<key>outputPaths</key>
			<array/>
			<key>runOnlyForDeploymentPostprocessing</key>
			<string>0</string>
			<key>shellPath</key>
			<string>/bin/sh</string>
			<key>shellScript</key>
			<string>set -e

if [ ! -L "${PROJECT_DIR}/derived-sources" ]
then
action="Create"
elif [ "$(readlink "${PROJECT_DIR}/derived-sources")" != "${DERIVED_SOURCES_DIR}" ]
then
action="Replace"
fi
if [ -n "${action}" ]
then
rm -f "${PROJECT_DIR}/derived-sources"
printf "%s link: " "${action}" &amp;&amp; ln -sv "${DERIVED_SOURCES_DIR}" "${PROJECT_DIR}/derived-sources"
fi

echo "Generating constants based on build configuration."
mkdir -p "${DERIVED_SOURCES_DIR}"
"${PROJECT_DIR}/bin/generate-constants" \
"${CODESIGN_IDENTITY}" \
"${PROVISIONING_PROFILE_REQUIRED}" \
"${PROVISIONING_PROFILE}" &gt; "${DERIVED_SOURCES_DIR}/GeneratedConstants.m"
</string>
		</dict>
		<key>4ADC934816A00B4300DAA972</key>
		<dict>
			<key>children</key>
			<array>
				<string>4AF4A0B216A86DA600493C20</string>
				<string>4ADC934916A00B4300DAA972</string>
				<string>4ADC935C16A0121B00DAA972</string>
				<string>4ADC935E16A012C000DAA972</string>
			</array>
			<key>isa</key>
			<string>PBXGroup</string>
			<key>path</key>
			<string>bin</string>
			<key>sourceTree</key>
			<string>&lt;group&gt;</string>
		</dict>
		<key>4ADC934916A00B4300DAA972</key>
		<dict>
			<key>fileEncoding</key>
			<string>4</string>
			<key>isa</key>
			<string>PBXFileReference</string>
			<key>lastKnownFileType</key>
			<string>text.script.sh</string>
			<key>path</key>
			<string>generate-constants</string>
			<key>sourceTree</key>
			<string>&lt;group&gt;</string>
		</dict>
		<key>4ADC934B16A00B8700DAA972</key>
		<dict>
			<key>fileEncoding</key>
			<string>4</string>
			<key>isa</key>
			<string>PBXFileReference</string>
			<key>lastKnownFileType</key>
			<string>sourcecode.c.h</string>
			<key>path</key>
			<string>GeneratedConstants.h</string>
			<key>sourceTree</key>
			<string>&lt;group&gt;</string>
		</dict>
		<key>4ADC935616A00CBF00DAA972</key>
		<dict>
			<key>fileEncoding</key>
			<string>4</string>
			<key>isa</key>
			<string>PBXFileReference</string>
			<key>lastKnownFileType</key>
			<string>sourcecode.c.objc</string>
			<key>name</key>
			<string>GeneratedConstants.m</string>
			<key>path</key>
			<string>derived-sources/GeneratedConstants.m</string>
			<key>sourceTree</key>
			<string>SOURCE_ROOT</string>
		</dict>
		<key>4ADC935716A00CBF00DAA972</key>
		<dict>
			<key>fileRef</key>
			<string>4ADC935616A00CBF00DAA972</string>
			<key>isa</key>
			<string>PBXBuildFile</string>
		</dict>
		<key>4ADC935C16A0121B00DAA972</key>
		<dict>
			<key>isa</key>
			<string>PBXFileReference</string>
			<key>lastKnownFileType</key>
			<string>text.script.sh</string>
			<key>path</key>
			<string>setEnv-Example.sh</string>
			<key>sourceTree</key>
			<string>&lt;group&gt;</string>
		</dict>
		<key>4ADC935E16A012C000DAA972</key>
		<dict>
			<key>fileEncoding</key>
			<string>4</string>
			<key>isa</key>
			<string>PBXFileReference</string>
			<key>lastKnownFileType</key>
			<string>text.script.sh</string>
			<key>path</key>
			<string>setEnv.sh</string>
			<key>sourceTree</key>
			<string>&lt;group&gt;</string>
		</dict>
		<key>4ADC937B16A0283B00DAA972</key>
		<dict>
			<key>fileEncoding</key>
			<string>4</string>
			<key>isa</key>
			<string>PBXFileReference</string>
			<key>lastKnownFileType</key>
			<string>sourcecode.c.h</string>
			<key>path</key>
			<string>SBSSebastiaanSchoolAppDelegate.h</string>
			<key>sourceTree</key>
			<string>&lt;group&gt;</string>
		</dict>
		<key>4ADFE4E616A0A36100EDAD2A</key>
		<dict>
			<key>fileEncoding</key>
			<string>4</string>
			<key>isa</key>
			<string>PBXFileReference</string>
			<key>lastKnownFileType</key>
			<string>sourcecode.c.h</string>
			<key>path</key>
			<string>SBSStyle.h</string>
			<key>sourceTree</key>
			<string>&lt;group&gt;</string>
		</dict>
		<key>4ADFE4E716A0A36100EDAD2A</key>
		<dict>
			<key>fileEncoding</key>
			<string>4</string>
			<key>isa</key>
			<string>PBXFileReference</string>
			<key>lastKnownFileType</key>
			<string>sourcecode.c.objc</string>
			<key>path</key>
			<string>SBSStyle.m</string>
			<key>sourceTree</key>
			<string>&lt;group&gt;</string>
		</dict>
		<key>4ADFE4E816A0A36100EDAD2A</key>
		<dict>
			<key>fileRef</key>
			<string>4ADFE4E716A0A36100EDAD2A</string>
			<key>isa</key>
			<string>PBXBuildFile</string>
		</dict>
		<key>4AEC503A1786DDE500EB1A05</key>
		<dict>
			<key>isa</key>
			<string>PBXFileReference</string>
			<key>lastKnownFileType</key>
			<string>folder.assetcatalog</string>
			<key>name</key>
			<string>Media.xcassets</string>
			<key>path</key>
			<string>SebastiaanSchool/Media.xcassets</string>
			<key>sourceTree</key>
			<string>&lt;group&gt;</string>
		</dict>
		<key>4AEC503B1786DDE500EB1A05</key>
		<dict>
			<key>fileRef</key>
			<string>4AEC503A1786DDE500EB1A05</string>
			<key>isa</key>
			<string>PBXBuildFile</string>
		</dict>
		<key>4AF4A0B216A86DA600493C20</key>
		<dict>
			<key>fileEncoding</key>
			<string>4</string>
			<key>isa</key>
			<string>PBXFileReference</string>
			<key>lastKnownFileType</key>
			<string>text.script.sh</string>
			<key>path</key>
			<string>provisiontype</string>
			<key>sourceTree</key>
			<string>&lt;group&gt;</string>
		</dict>
		<key>4AF4A0B316A86DA600493C20</key>
		<dict>
			<key>fileRef</key>
			<string>4AF4A0B216A86DA600493C20</string>
			<key>isa</key>
			<string>PBXBuildFile</string>
		</dict>
		<key>4C51EF1CA27E4DCAB75F381F</key>
		<dict>
			<key>fileRef</key>
			<string>3FEA4D0C50CC4385A21F5C1F</string>
			<key>isa</key>
			<string>PBXBuildFile</string>
		</dict>
		<key>5ABC975BEE204B45B88A5D02</key>
		<dict>
			<key>buildActionMask</key>
			<string>2147483647</string>
			<key>files</key>
			<array/>
			<key>inputPaths</key>
			<array/>
			<key>isa</key>
			<string>PBXShellScriptBuildPhase</string>
			<key>name</key>
			<string>Copy Pods Resources</string>
			<key>outputPaths</key>
			<array/>
			<key>runOnlyForDeploymentPostprocessing</key>
			<string>0</string>
			<key>shellPath</key>
			<string>/bin/sh</string>
			<key>shellScript</key>
			<string>"${SRCROOT}/Pods/Pods-resources.sh"
</string>
		</dict>
		<key>6332375315E438E900AE2736</key>
		<dict>
			<key>isa</key>
			<string>PBXFileReference</string>
			<key>lastKnownFileType</key>
			<string>compiled.mach-o.dylib</string>
			<key>name</key>
			<string>libsqlite3.dylib</string>
			<key>path</key>
			<string>usr/lib/libsqlite3.dylib</string>
			<key>sourceTree</key>
			<string>SDKROOT</string>
		</dict>
		<key>6332375415E438E900AE2736</key>
		<dict>
			<key>fileRef</key>
			<string>6332375315E438E900AE2736</string>
			<key>isa</key>
			<string>PBXBuildFile</string>
		</dict>
		<key>6372FF521613CC3C002132AF</key>
		<dict>
			<key>isa</key>
			<string>PBXFileReference</string>
			<key>lastKnownFileType</key>
			<string>wrapper.framework</string>
			<key>name</key>
			<string>Accounts.framework</string>
			<key>path</key>
			<string>System/Library/Frameworks/Accounts.framework</string>
			<key>sourceTree</key>
			<string>SDKROOT</string>
		</dict>
		<key>6372FF531613CC3C002132AF</key>
		<dict>
			<key>fileRef</key>
			<string>6372FF521613CC3C002132AF</string>
			<key>isa</key>
			<string>PBXBuildFile</string>
			<key>settings</key>
			<dict>
				<key>ATTRIBUTES</key>
				<array>
					<string>Weak</string>
				</array>
			</dict>
		</dict>
		<key>6372FF551613CC42002132AF</key>
		<dict>
			<key>isa</key>
			<string>PBXFileReference</string>
			<key>lastKnownFileType</key>
			<string>wrapper.framework</string>
			<key>name</key>
			<string>Social.framework</string>
			<key>path</key>
			<string>System/Library/Frameworks/Social.framework</string>
			<key>sourceTree</key>
			<string>SDKROOT</string>
		</dict>
		<key>6372FF561613CC42002132AF</key>
		<dict>
			<key>fileRef</key>
			<string>6372FF551613CC42002132AF</string>
			<key>isa</key>
			<string>PBXBuildFile</string>
			<key>settings</key>
			<dict>
				<key>ATTRIBUTES</key>
				<array>
					<string>Weak</string>
				</array>
			</dict>
		</dict>
		<key>6372FF571613CC47002132AF</key>
		<dict>
			<key>isa</key>
			<string>PBXFileReference</string>
			<key>lastKnownFileType</key>
			<string>wrapper.framework</string>
			<key>name</key>
			<string>AdSupport.framework</string>
			<key>path</key>
			<string>System/Library/Frameworks/AdSupport.framework</string>
			<key>sourceTree</key>
			<string>SDKROOT</string>
		</dict>
		<key>6372FF581613CC47002132AF</key>
		<dict>
			<key>fileRef</key>
			<string>6372FF571613CC47002132AF</string>
			<key>isa</key>
			<string>PBXBuildFile</string>
			<key>settings</key>
			<dict>
				<key>ATTRIBUTES</key>
				<array>
					<string>Weak</string>
				</array>
			</dict>
		</dict>
		<key>743D7B6C157DA60100084B67</key>
		<dict>
			<key>isa</key>
			<string>PBXFileReference</string>
			<key>lastKnownFileType</key>
			<string>wrapper.framework</string>
			<key>name</key>
			<string>CoreGraphics.framework</string>
			<key>path</key>
			<string>System/Library/Frameworks/CoreGraphics.framework</string>
			<key>sourceTree</key>
			<string>SDKROOT</string>
		</dict>
		<key>743D7B6D157DA60100084B67</key>
		<dict>
			<key>fileRef</key>
			<string>743D7B6C157DA60100084B67</string>
			<key>isa</key>
			<string>PBXBuildFile</string>
		</dict>
		<key>84DDE31AFB4347F594B7F2CA</key>
		<dict>
			<key>explicitFileType</key>
			<string>archive.ar</string>
			<key>includeInIndex</key>
			<string>0</string>
			<key>isa</key>
			<string>PBXFileReference</string>
			<key>path</key>
			<string>libPods-test.a</string>
			<key>sourceTree</key>
			<string>BUILT_PRODUCTS_DIR</string>
		</dict>
		<key>88CF2DF0A23546FF9ACCBF6F</key>
		<dict>
			<key>buildActionMask</key>
			<string>2147483647</string>
			<key>files</key>
			<array/>
			<key>inputPaths</key>
			<array/>
			<key>isa</key>
			<string>PBXShellScriptBuildPhase</string>
			<key>name</key>
			<string>Check Pods Manifest.lock</string>
			<key>outputPaths</key>
			<array/>
			<key>runOnlyForDeploymentPostprocessing</key>
			<string>0</string>
			<key>shellPath</key>
			<string>/bin/sh</string>
			<key>shellScript</key>
			<string>diff "${PODS_ROOT}/../Podfile.lock" "${PODS_ROOT}/Manifest.lock" &gt; /dev/null
if [[ $? != 0 ]] ; then
    cat &lt;&lt; EOM
error: The sandbox is not in sync with the Podfile.lock. Run 'pod install' or update your CocoaPods installation.
EOM
    exit 1
fi
</string>
			<key>showEnvVarsInLog</key>
			<string>0</string>
		</dict>
		<key>97E18B1E1624CB5700B17A67</key>
		<dict>
			<key>isa</key>
			<string>PBXFileReference</string>
			<key>lastKnownFileType</key>
			<string>wrapper.framework</string>
			<key>name</key>
			<string>CoreLocation.framework</string>
			<key>path</key>
			<string>System/Library/Frameworks/CoreLocation.framework</string>
			<key>sourceTree</key>
			<string>SDKROOT</string>
		</dict>
		<key>97E18B1F1624CB5700B17A67</key>
		<dict>
			<key>fileRef</key>
			<string>97E18B1E1624CB5700B17A67</string>
			<key>isa</key>
			<string>PBXBuildFile</string>
		</dict>
		<key>B88B362035EF491582668975</key>
		<dict>
			<key>includeInIndex</key>
			<string>1</string>
			<key>isa</key>
			<string>PBXFileReference</string>
			<key>lastKnownFileType</key>
			<string>text.xcconfig</string>
			<key>name</key>
			<string>Pods.xcconfig</string>
			<key>path</key>
			<string>Pods/Pods.xcconfig</string>
			<key>sourceTree</key>
			<string>SOURCE_ROOT</string>
		</dict>
	</dict>
	<key>rootObject</key>
	<string>09ABC06413A1D52D009C3FCF</string>
</dict>
</plist>
